// !$*UTF8*$!
{
	archiveVersion = 1;
	classes = {
	};
	objectVersion = 46;
	objects = {

/* Begin PBXBuildFile section */
		5D0FAA491A9BF636009DFC5E /* AppDelegate.swift in Sources */ = {isa = PBXBuildFile; fileRef = 5D0FAA481A9BF636009DFC5E /* AppDelegate.swift */; };
		5D0FAA4B1A9BF636009DFC5E /* ViewController.swift in Sources */ = {isa = PBXBuildFile; fileRef = 5D0FAA4A1A9BF636009DFC5E /* ViewController.swift */; };
		5D0FAA4E1A9BF636009DFC5E /* Main.storyboard in Resources */ = {isa = PBXBuildFile; fileRef = 5D0FAA4C1A9BF636009DFC5E /* Main.storyboard */; };
		5D0FAA501A9BF636009DFC5E /* Images.xcassets in Resources */ = {isa = PBXBuildFile; fileRef = 5D0FAA4F1A9BF636009DFC5E /* Images.xcassets */; };
		5D0FAA531A9BF636009DFC5E /* LaunchScreen.xib in Resources */ = {isa = PBXBuildFile; fileRef = 5D0FAA511A9BF636009DFC5E /* LaunchScreen.xib */; };
		5D0FAA5F1A9BF636009DFC5E /* TodoPlistsTests.swift in Sources */ = {isa = PBXBuildFile; fileRef = 5D0FAA5E1A9BF636009DFC5E /* TodoPlistsTests.swift */; };
/* End PBXBuildFile section */

/* Begin PBXContainerItemProxy section */
		5D0FAA591A9BF636009DFC5E /* PBXContainerItemProxy */ = {
			isa = PBXContainerItemProxy;
			containerPortal = 5D0FAA3B1A9BF636009DFC5E /* Project object */;
			proxyType = 1;
			remoteGlobalIDString = 5D0FAA421A9BF636009DFC5E;
			remoteInfo = TodoPlists;
		};
/* End PBXContainerItemProxy section */

/* Begin PBXFileReference section */
		5D0FAA431A9BF636009DFC5E /* TodoPlists.app */ = {isa = PBXFileReference; explicitFileType = wrapper.application; includeInIndex = 0; path = TodoPlists.app; sourceTree = BUILT_PRODUCTS_DIR; };
		5D0FAA471A9BF636009DFC5E /* Info.plist */ = {isa = PBXFileReference; lastKnownFileType = text.plist.xml; path = Info.plist; sourceTree = "<group>"; };
		5D0FAA481A9BF636009DFC5E /* AppDelegate.swift */ = {isa = PBXFileReference; lastKnownFileType = sourcecode.swift; path = AppDelegate.swift; sourceTree = "<group>"; };
		5D0FAA4A1A9BF636009DFC5E /* ViewController.swift */ = {isa = PBXFileReference; lastKnownFileType = sourcecode.swift; path = ViewController.swift; sourceTree = "<group>"; };
		5D0FAA4D1A9BF636009DFC5E /* Base */ = {isa = PBXFileReference; lastKnownFileType = file.storyboard; name = Base; path = Base.lproj/Main.storyboard; sourceTree = "<group>"; };
		5D0FAA4F1A9BF636009DFC5E /* Images.xcassets */ = {isa = PBXFileReference; lastKnownFileType = folder.assetcatalog; path = Images.xcassets; sourceTree = "<group>"; };
		5D0FAA521A9BF636009DFC5E /* Base */ = {isa = PBXFileReference; lastKnownFileType = file.xib; name = Base; path = Base.lproj/LaunchScreen.xib; sourceTree = "<group>"; };
		5D0FAA581A9BF636009DFC5E /* TodoPlistsTests.xctest */ = {isa = PBXFileReference; explicitFileType = wrapper.cfbundle; includeInIndex = 0; path = TodoPlistsTests.xctest; sourceTree = BUILT_PRODUCTS_DIR; };
		5D0FAA5D1A9BF636009DFC5E /* Info.plist */ = {isa = PBXFileReference; lastKnownFileType = text.plist.xml; path = Info.plist; sourceTree = "<group>"; };
		5D0FAA5E1A9BF636009DFC5E /* TodoPlistsTests.swift */ = {isa = PBXFileReference; lastKnownFileType = sourcecode.swift; path = TodoPlistsTests.swift; sourceTree = "<group>"; };
/* End PBXFileReference section */

/* Begin PBXFrameworksBuildPhase section */
		5D0FAA401A9BF636009DFC5E /* Frameworks */ = {
			isa = PBXFrameworksBuildPhase;
			buildActionMask = 2147483647;
			files = (
			);
			runOnlyForDeploymentPostprocessing = 0;
		};
		5D0FAA551A9BF636009DFC5E /* Frameworks */ = {
			isa = PBXFrameworksBuildPhase;
			buildActionMask = 2147483647;
			files = (
			);
			runOnlyForDeploymentPostprocessing = 0;
		};
/* End PBXFrameworksBuildPhase section */

/* Begin PBXGroup section */
		5D0FAA3A1A9BF636009DFC5E = {
			isa = PBXGroup;
			children = (
				5D0FAA451A9BF636009DFC5E /* TodoPlists */,
				5D0FAA5B1A9BF636009DFC5E /* TodoPlistsTests */,
				5D0FAA441A9BF636009DFC5E /* Products */,
			);
			sourceTree = "<group>";
		};
		5D0FAA441A9BF636009DFC5E /* Products */ = {
			isa = PBXGroup;
			children = (
				5D0FAA431A9BF636009DFC5E /* TodoPlists.app */,
				5D0FAA581A9BF636009DFC5E /* TodoPlistsTests.xctest */,
			);
			name = Products;
			sourceTree = "<group>";
		};
		5D0FAA451A9BF636009DFC5E /* TodoPlists */ = {
			isa = PBXGroup;
			children = (
				5D0FAA481A9BF636009DFC5E /* AppDelegate.swift */,
				5D0FAA4A1A9BF636009DFC5E /* ViewController.swift */,
				5D0FAA4C1A9BF636009DFC5E /* Main.storyboard */,
				5D0FAA4F1A9BF636009DFC5E /* Images.xcassets */,
				5D0FAA511A9BF636009DFC5E /* LaunchScreen.xib */,
				5D0FAA461A9BF636009DFC5E /* Supporting Files */,
			);
			path = TodoPlists;
			sourceTree = "<group>";
		};
		5D0FAA461A9BF636009DFC5E /* Supporting Files */ = {
			isa = PBXGroup;
			children = (
				5D0FAA471A9BF636009DFC5E /* Info.plist */,
			);
			name = "Supporting Files";
			sourceTree = "<group>";
		};
		5D0FAA5B1A9BF636009DFC5E /* TodoPlistsTests */ = {
			isa = PBXGroup;
			children = (
				5D0FAA5E1A9BF636009DFC5E /* TodoPlistsTests.swift */,
				5D0FAA5C1A9BF636009DFC5E /* Supporting Files */,
			);
			path = TodoPlistsTests;
			sourceTree = "<group>";
		};
		5D0FAA5C1A9BF636009DFC5E /* Supporting Files */ = {
			isa = PBXGroup;
			children = (
				5D0FAA5D1A9BF636009DFC5E /* Info.plist */,
			);
			name = "Supporting Files";
			sourceTree = "<group>";
		};
/* End PBXGroup section */

/* Begin PBXNativeTarget section */
		5D0FAA421A9BF636009DFC5E /* TodoPlists */ = {
			isa = PBXNativeTarget;
			buildConfigurationList = 5D0FAA621A9BF636009DFC5E /* Build configuration list for PBXNativeTarget "TodoPlists" */;
			buildPhases = (
				5D0FAA3F1A9BF636009DFC5E /* Sources */,
				5D0FAA401A9BF636009DFC5E /* Frameworks */,
				5D0FAA411A9BF636009DFC5E /* Resources */,
			);
			buildRules = (
			);
			dependencies = (
			);
			name = TodoPlists;
			productName = TodoPlists;
			productReference = 5D0FAA431A9BF636009DFC5E /* TodoPlists.app */;
			productType = "com.apple.product-type.application";
		};
		5D0FAA571A9BF636009DFC5E /* TodoPlistsTests */ = {
			isa = PBXNativeTarget;
			buildConfigurationList = 5D0FAA651A9BF636009DFC5E /* Build configuration list for PBXNativeTarget "TodoPlistsTests" */;
			buildPhases = (
				5D0FAA541A9BF636009DFC5E /* Sources */,
				5D0FAA551A9BF636009DFC5E /* Frameworks */,
				5D0FAA561A9BF636009DFC5E /* Resources */,
			);
			buildRules = (
			);
			dependencies = (
				5D0FAA5A1A9BF636009DFC5E /* PBXTargetDependency */,
			);
			name = TodoPlistsTests;
			productName = TodoPlistsTests;
			productReference = 5D0FAA581A9BF636009DFC5E /* TodoPlistsTests.xctest */;
			productType = "com.apple.product-type.bundle.unit-test";
		};
/* End PBXNativeTarget section */

/* Begin PBXProject section */
		5D0FAA3B1A9BF636009DFC5E /* Project object */ = {
			isa = PBXProject;
			attributes = {
				LastUpgradeCheck = 0610;
				ORGANIZATIONNAME = ga;
				TargetAttributes = {
					5D0FAA421A9BF636009DFC5E = {
						CreatedOnToolsVersion = 6.1.1;
					};
					5D0FAA571A9BF636009DFC5E = {
						CreatedOnToolsVersion = 6.1.1;
						TestTargetID = 5D0FAA421A9BF636009DFC5E;
					};
				};
			};
			buildConfigurationList = 5D0FAA3E1A9BF636009DFC5E /* Build configuration list for PBXProject "TodoPlists" */;
			compatibilityVersion = "Xcode 3.2";
			developmentRegion = English;
			hasScannedForEncodings = 0;
			knownRegions = (
				en,
				Base,
			);
			mainGroup = 5D0FAA3A1A9BF636009DFC5E;
			productRefGroup = 5D0FAA441A9BF636009DFC5E /* Products */;
			projectDirPath = "";
			projectRoot = "";
			targets = (
				5D0FAA421A9BF636009DFC5E /* TodoPlists */,
				5D0FAA571A9BF636009DFC5E /* TodoPlistsTests */,
			);
		};
/* End PBXProject section */

/* Begin PBXResourcesBuildPhase section */
		5D0FAA411A9BF636009DFC5E /* Resources */ = {
			isa = PBXResourcesBuildPhase;
			buildActionMask = 2147483647;
			files = (
				5D0FAA4E1A9BF636009DFC5E /* Main.storyboard in Resources */,
				5D0FAA531A9BF636009DFC5E /* LaunchScreen.xib in Resources */,
				5D0FAA501A9BF636009DFC5E /* Images.xcassets in Resources */,
			);
			runOnlyForDeploymentPostprocessing = 0;
		};
		5D0FAA561A9BF636009DFC5E /* Resources */ = {
			isa = PBXResourcesBuildPhase;
			buildActionMask = 2147483647;
			files = (
			);
			runOnlyForDeploymentPostprocessing = 0;
		};
/* End PBXResourcesBuildPhase section */

/* Begin PBXSourcesBuildPhase section */
		5D0FAA3F1A9BF636009DFC5E /* Sources */ = {
			isa = PBXSourcesBuildPhase;
			buildActionMask = 2147483647;
			files = (
				5D0FAA4B1A9BF636009DFC5E /* ViewController.swift in Sources */,
				5D0FAA491A9BF636009DFC5E /* AppDelegate.swift in Sources */,
			);
			runOnlyForDeploymentPostprocessing = 0;
		};
		5D0FAA541A9BF636009DFC5E /* Sources */ = {
			isa = PBXSourcesBuildPhase;
			buildActionMask = 2147483647;
			files = (
				5D0FAA5F1A9BF636009DFC5E /* TodoPlistsTests.swift in Sources */,
			);
			runOnlyForDeploymentPostprocessing = 0;
		};
/* End PBXSourcesBuildPhase section */

/* Begin PBXTargetDependency section */
		5D0FAA5A1A9BF636009DFC5E /* PBXTargetDependency */ = {
			isa = PBXTargetDependency;
			target = 5D0FAA421A9BF636009DFC5E /* TodoPlists */;
			targetProxy = 5D0FAA591A9BF636009DFC5E /* PBXContainerItemProxy */;
		};
/* End PBXTargetDependency section */

/* Begin PBXVariantGroup section */
		5D0FAA4C1A9BF636009DFC5E /* Main.storyboard */ = {
			isa = PBXVariantGroup;
			children = (
				5D0FAA4D1A9BF636009DFC5E /* Base */,
			);
			name = Main.storyboard;
			sourceTree = "<group>";
		};
		5D0FAA511A9BF636009DFC5E /* LaunchScreen.xib */ = {
			isa = PBXVariantGroup;
			children = (
				5D0FAA521A9BF636009DFC5E /* Base */,
			);
			name = LaunchScreen.xib;
			sourceTree = "<group>";
		};
/* End PBXVariantGroup section */

/* Begin XCBuildConfiguration section */
		5D0FAA601A9BF636009DFC5E /* Debug */ = {
			isa = XCBuildConfiguration;
			buildSettings = {
				ALWAYS_SEARCH_USER_PATHS = NO;
				CLANG_CXX_LANGUAGE_STANDARD = "gnu++0x";
				CLANG_CXX_LIBRARY = "libc++";
				CLANG_ENABLE_MODULES = YES;
				CLANG_ENABLE_OBJC_ARC = YES;
				CLANG_WARN_BOOL_CONVERSION = YES;
				CLANG_WARN_CONSTANT_CONVERSION = YES;
				CLANG_WARN_DIRECT_OBJC_ISA_USAGE = YES_ERROR;
				CLANG_WARN_EMPTY_BODY = YES;
				CLANG_WARN_ENUM_CONVERSION = YES;
				CLANG_WARN_INT_CONVERSION = YES;
				CLANG_WARN_OBJC_ROOT_CLASS = YES_ERROR;
				CLANG_WARN_UNREACHABLE_CODE = YES;
				CLANG_WARN__DUPLICATE_METHOD_MATCH = YES;
				"CODE_SIGN_IDENTITY[sdk=iphoneos*]" = "iPhone Developer";
				COPY_PHASE_STRIP = NO;
				ENABLE_STRICT_OBJC_MSGSEND = YES;
				GCC_C_LANGUAGE_STANDARD = gnu99;
				GCC_DYNAMIC_NO_PIC = NO;
				GCC_OPTIMIZATION_LEVEL = 0;
				GCC_PREPROCESSOR_DEFINITIONS = (
					"DEBUG=1",
					"$(inherited)",
				);
				GCC_SYMBOLS_PRIVATE_EXTERN = NO;
				GCC_WARN_64_TO_32_BIT_CONVERSION = YES;
				GCC_WARN_ABOUT_RETURN_TYPE = YES_ERROR;
				GCC_WARN_UNDECLARED_SELECTOR = YES;
				GCC_WARN_UNINITIALIZED_AUTOS = YES_AGGRESSIVE;
				GCC_WARN_UNUSED_FUNCTION = YES;
				GCC_WARN_UNUSED_VARIABLE = YES;
				IPHONEOS_DEPLOYMENT_TARGET = 8.1;
				MTL_ENABLE_DEBUG_INFO = YES;
				ONLY_ACTIVE_ARCH = YES;
				SDKROOT = iphoneos;
				SWIFT_OPTIMIZATION_LEVEL = "-Onone";
			};
			name = Debug;
		};
		5D0FAA611A9BF636009DFC5E /* Release */ = {
			isa = XCBuildConfiguration;
			buildSettings = {
				ALWAYS_SEARCH_USER_PATHS = NO;
				CLANG_CXX_LANGUAGE_STANDARD = "gnu++0x";
				CLANG_CXX_LIBRARY = "libc++";
				CLANG_ENABLE_MODULES = YES;
				CLANG_ENABLE_OBJC_ARC = YES;
				CLANG_WARN_BOOL_CONVERSION = YES;
				CLANG_WARN_CONSTANT_CONVERSION = YES;
				CLANG_WARN_DIRECT_OBJC_ISA_USAGE = YES_ERROR;
				CLANG_WARN_EMPTY_BODY = YES;
				CLANG_WARN_ENUM_CONVERSION = YES;
				CLANG_WARN_INT_CONVERSION = YES;
				CLANG_WARN_OBJC_ROOT_CLASS = YES_ERROR;
				CLANG_WARN_UNREACHABLE_CODE = YES;
				CLANG_WARN__DUPLICATE_METHOD_MATCH = YES;
				"CODE_SIGN_IDENTITY[sdk=iphoneos*]" = "iPhone Developer";
				COPY_PHASE_STRIP = YES;
				ENABLE_NS_ASSERTIONS = NO;
				ENABLE_STRICT_OBJC_MSGSEND = YES;
				GCC_C_LANGUAGE_STANDARD = gnu99;
				GCC_WARN_64_TO_32_BIT_CONVERSION = YES;
				GCC_WARN_ABOUT_RETURN_TYPE = YES_ERROR;
				GCC_WARN_UNDECLARED_SELECTOR = YES;
				GCC_WARN_UNINITIALIZED_AUTOS = YES_AGGRESSIVE;
				GCC_WARN_UNUSED_FUNCTION = YES;
				GCC_WARN_UNUSED_VARIABLE = YES;
				IPHONEOS_DEPLOYMENT_TARGET = 8.1;
				MTL_ENABLE_DEBUG_INFO = NO;
				SDKROOT = iphoneos;
				VALIDATE_PRODUCT = YES;
			};
			name = Release;
		};
		5D0FAA631A9BF636009DFC5E /* Debug */ = {
			isa = XCBuildConfiguration;
			buildSettings = {
				ASSETCATALOG_COMPILER_APPICON_NAME = AppIcon;
				INFOPLIST_FILE = TodoPlists/Info.plist;
				LD_RUNPATH_SEARCH_PATHS = "$(inherited) @executable_path/Frameworks";
				PRODUCT_NAME = "$(TARGET_NAME)";
			};
			name = Debug;
		};
		5D0FAA641A9BF636009DFC5E /* Release */ = {
			isa = XCBuildConfiguration;
			buildSettings = {
				ASSETCATALOG_COMPILER_APPICON_NAME = AppIcon;
				INFOPLIST_FILE = TodoPlists/Info.plist;
				LD_RUNPATH_SEARCH_PATHS = "$(inherited) @executable_path/Frameworks";
				PRODUCT_NAME = "$(TARGET_NAME)";
			};
			name = Release;
		};
		5D0FAA661A9BF636009DFC5E /* Debug */ = {
			isa = XCBuildConfiguration;
			buildSettings = {
				BUNDLE_LOADER = "$(TEST_HOST)";
				FRAMEWORK_SEARCH_PATHS = (
					"$(SDKROOT)/Developer/Library/Frameworks",
					"$(inherited)",
				);
				GCC_PREPROCESSOR_DEFINITIONS = (
					"DEBUG=1",
					"$(inherited)",
				);
				INFOPLIST_FILE = TodoPlistsTests/Info.plist;
				LD_RUNPATH_SEARCH_PATHS = "$(inherited) @executable_path/Frameworks @loader_path/Frameworks";
				PRODUCT_NAME = "$(TARGET_NAME)";
				TEST_HOST = "$(BUILT_PRODUCTS_DIR)/TodoPlists.app/TodoPlists";
			};
			name = Debug;
		};
		5D0FAA671A9BF636009DFC5E /* Release */ = {
			isa = XCBuildConfiguration;
			buildSettings = {
				BUNDLE_LOADER = "$(TEST_HOST)";
				FRAMEWORK_SEARCH_PATHS = (
					"$(SDKROOT)/Developer/Library/Frameworks",
					"$(inherited)",
				);
				INFOPLIST_FILE = TodoPlistsTests/Info.plist;
				LD_RUNPATH_SEARCH_PATHS = "$(inherited) @executable_path/Frameworks @loader_path/Frameworks";
				PRODUCT_NAME = "$(TARGET_NAME)";
				TEST_HOST = "$(BUILT_PRODUCTS_DIR)/TodoPlists.app/TodoPlists";
			};
			name = Release;
		};
/* End XCBuildConfiguration section */

/* Begin XCConfigurationList section */
		5D0FAA3E1A9BF636009DFC5E /* Build configuration list for PBXProject "TodoPlists" */ = {
			isa = XCConfigurationList;
			buildConfigurations = (
				5D0FAA601A9BF636009DFC5E /* Debug */,
				5D0FAA611A9BF636009DFC5E /* Release */,
			);
			defaultConfigurationIsVisible = 0;
			defaultConfigurationName = Release;
		};
		5D0FAA621A9BF636009DFC5E /* Build configuration list for PBXNativeTarget "TodoPlists" */ = {
			isa = XCConfigurationList;
			buildConfigurations = (
				5D0FAA631A9BF636009DFC5E /* Debug */,
				5D0FAA641A9BF636009DFC5E /* Release */,
			);
			defaultConfigurationIsVisible = 0;
		};
		5D0FAA651A9BF636009DFC5E /* Build configuration list for PBXNativeTarget "TodoPlistsTests" */ = {
			isa = XCConfigurationList;
			buildConfigurations = (
				5D0FAA661A9BF636009DFC5E /* Debug */,
				5D0FAA671A9BF636009DFC5E /* Release */,
			);
			defaultConfigurationIsVisible = 0;
		};
/* End XCConfigurationList section */
	};
	rootObject = 5D0FAA3B1A9BF636009DFC5E /* Project object */;
}
