// !$*UTF8*$!
{
	archiveVersion = 1;
	classes = {
	};
	objectVersion = 46;
	objects = {

/* Begin PBXBuildFile section */
		5DFD771A1A3F751B00C6796B /* AppDelegate.swift in Sources */ = {isa = PBXBuildFile; fileRef = 5DFD77191A3F751B00C6796B /* AppDelegate.swift */; };
		5DFD771C1A3F751B00C6796B /* ViewController.swift in Sources */ = {isa = PBXBuildFile; fileRef = 5DFD771B1A3F751B00C6796B /* ViewController.swift */; };
		5DFD771F1A3F751B00C6796B /* Main.storyboard in Resources */ = {isa = PBXBuildFile; fileRef = 5DFD771D1A3F751B00C6796B /* Main.storyboard */; };
		5DFD77211A3F751B00C6796B /* Images.xcassets in Resources */ = {isa = PBXBuildFile; fileRef = 5DFD77201A3F751B00C6796B /* Images.xcassets */; };
		5DFD77241A3F751B00C6796B /* LaunchScreen.xib in Resources */ = {isa = PBXBuildFile; fileRef = 5DFD77221A3F751B00C6796B /* LaunchScreen.xib */; };
		5DFD77301A3F751B00C6796B /* Lesson04InClassTests.swift in Sources */ = {isa = PBXBuildFile; fileRef = 5DFD772F1A3F751B00C6796B /* Lesson04InClassTests.swift */; };
/* End PBXBuildFile section */

/* Begin PBXContainerItemProxy section */
		5DFD772A1A3F751B00C6796B /* PBXContainerItemProxy */ = {
			isa = PBXContainerItemProxy;
			containerPortal = 5DFD770C1A3F751B00C6796B /* Project object */;
			proxyType = 1;
			remoteGlobalIDString = 5DFD77131A3F751B00C6796B;
			remoteInfo = Lesson04InClass;
		};
/* End PBXContainerItemProxy section */

/* Begin PBXFileReference section */
		5DFD77141A3F751B00C6796B /* Lesson04InClass.app */ = {isa = PBXFileReference; explicitFileType = wrapper.application; includeInIndex = 0; path = Lesson04InClass.app; sourceTree = BUILT_PRODUCTS_DIR; };
		5DFD77181A3F751B00C6796B /* Info.plist */ = {isa = PBXFileReference; lastKnownFileType = text.plist.xml; path = Info.plist; sourceTree = "<group>"; };
		5DFD77191A3F751B00C6796B /* AppDelegate.swift */ = {isa = PBXFileReference; lastKnownFileType = sourcecode.swift; path = AppDelegate.swift; sourceTree = "<group>"; };
		5DFD771B1A3F751B00C6796B /* ViewController.swift */ = {isa = PBXFileReference; lastKnownFileType = sourcecode.swift; path = ViewController.swift; sourceTree = "<group>"; };
		5DFD771E1A3F751B00C6796B /* Base */ = {isa = PBXFileReference; lastKnownFileType = file.storyboard; name = Base; path = Base.lproj/Main.storyboard; sourceTree = "<group>"; };
		5DFD77201A3F751B00C6796B /* Images.xcassets */ = {isa = PBXFileReference; lastKnownFileType = folder.assetcatalog; path = Images.xcassets; sourceTree = "<group>"; };
		5DFD77231A3F751B00C6796B /* Base */ = {isa = PBXFileReference; lastKnownFileType = file.xib; name = Base; path = Base.lproj/LaunchScreen.xib; sourceTree = "<group>"; };
		5DFD77291A3F751B00C6796B /* Lesson04InClassTests.xctest */ = {isa = PBXFileReference; explicitFileType = wrapper.cfbundle; includeInIndex = 0; path = Lesson04InClassTests.xctest; sourceTree = BUILT_PRODUCTS_DIR; };
		5DFD772E1A3F751B00C6796B /* Info.plist */ = {isa = PBXFileReference; lastKnownFileType = text.plist.xml; path = Info.plist; sourceTree = "<group>"; };
		5DFD772F1A3F751B00C6796B /* Lesson04InClassTests.swift */ = {isa = PBXFileReference; lastKnownFileType = sourcecode.swift; path = Lesson04InClassTests.swift; sourceTree = "<group>"; };
/* End PBXFileReference section */

/* Begin PBXFrameworksBuildPhase section */
		5DFD77111A3F751B00C6796B /* Frameworks */ = {
			isa = PBXFrameworksBuildPhase;
			buildActionMask = 2147483647;
			files = (
			);
			runOnlyForDeploymentPostprocessing = 0;
		};
		5DFD77261A3F751B00C6796B /* Frameworks */ = {
			isa = PBXFrameworksBuildPhase;
			buildActionMask = 2147483647;
			files = (
			);
			runOnlyForDeploymentPostprocessing = 0;
		};
/* End PBXFrameworksBuildPhase section */

/* Begin PBXGroup section */
		5DFD770B1A3F751B00C6796B = {
			isa = PBXGroup;
			children = (
				5DFD77161A3F751B00C6796B /* Lesson04InClass */,
				5DFD772C1A3F751B00C6796B /* Lesson04InClassTests */,
				5DFD77151A3F751B00C6796B /* Products */,
			);
			sourceTree = "<group>";
		};
		5DFD77151A3F751B00C6796B /* Products */ = {
			isa = PBXGroup;
			children = (
				5DFD77141A3F751B00C6796B /* Lesson04InClass.app */,
				5DFD77291A3F751B00C6796B /* Lesson04InClassTests.xctest */,
			);
			name = Products;
			sourceTree = "<group>";
		};
		5DFD77161A3F751B00C6796B /* Lesson04InClass */ = {
			isa = PBXGroup;
			children = (
				5DFD77191A3F751B00C6796B /* AppDelegate.swift */,
				5DFD771B1A3F751B00C6796B /* ViewController.swift */,
				5DFD771D1A3F751B00C6796B /* Main.storyboard */,
				5DFD77201A3F751B00C6796B /* Images.xcassets */,
				5DFD77221A3F751B00C6796B /* LaunchScreen.xib */,
				5DFD77171A3F751B00C6796B /* Supporting Files */,
			);
			path = Lesson04InClass;
			sourceTree = "<group>";
		};
		5DFD77171A3F751B00C6796B /* Supporting Files */ = {
			isa = PBXGroup;
			children = (
				5DFD77181A3F751B00C6796B /* Info.plist */,
			);
			name = "Supporting Files";
			sourceTree = "<group>";
		};
		5DFD772C1A3F751B00C6796B /* Lesson04InClassTests */ = {
			isa = PBXGroup;
			children = (
				5DFD772F1A3F751B00C6796B /* Lesson04InClassTests.swift */,
				5DFD772D1A3F751B00C6796B /* Supporting Files */,
			);
			path = Lesson04InClassTests;
			sourceTree = "<group>";
		};
		5DFD772D1A3F751B00C6796B /* Supporting Files */ = {
			isa = PBXGroup;
			children = (
				5DFD772E1A3F751B00C6796B /* Info.plist */,
			);
			name = "Supporting Files";
			sourceTree = "<group>";
		};
/* End PBXGroup section */

/* Begin PBXNativeTarget section */
		5DFD77131A3F751B00C6796B /* Lesson04InClass */ = {
			isa = PBXNativeTarget;
			buildConfigurationList = 5DFD77331A3F751B00C6796B /* Build configuration list for PBXNativeTarget "Lesson04InClass" */;
			buildPhases = (
				5DFD77101A3F751B00C6796B /* Sources */,
				5DFD77111A3F751B00C6796B /* Frameworks */,
				5DFD77121A3F751B00C6796B /* Resources */,
			);
			buildRules = (
			);
			dependencies = (
			);
			name = Lesson04InClass;
			productName = Lesson04InClass;
			productReference = 5DFD77141A3F751B00C6796B /* Lesson04InClass.app */;
			productType = "com.apple.product-type.application";
		};
		5DFD77281A3F751B00C6796B /* Lesson04InClassTests */ = {
			isa = PBXNativeTarget;
			buildConfigurationList = 5DFD77361A3F751B00C6796B /* Build configuration list for PBXNativeTarget "Lesson04InClassTests" */;
			buildPhases = (
				5DFD77251A3F751B00C6796B /* Sources */,
				5DFD77261A3F751B00C6796B /* Frameworks */,
				5DFD77271A3F751B00C6796B /* Resources */,
			);
			buildRules = (
			);
			dependencies = (
				5DFD772B1A3F751B00C6796B /* PBXTargetDependency */,
			);
			name = Lesson04InClassTests;
			productName = Lesson04InClassTests;
			productReference = 5DFD77291A3F751B00C6796B /* Lesson04InClassTests.xctest */;
			productType = "com.apple.product-type.bundle.unit-test";
		};
/* End PBXNativeTarget section */

/* Begin PBXProject section */
		5DFD770C1A3F751B00C6796B /* Project object */ = {
			isa = PBXProject;
			attributes = {
				LastUpgradeCheck = 0610;
				ORGANIZATIONNAME = GA;
				TargetAttributes = {
					5DFD77131A3F751B00C6796B = {
						CreatedOnToolsVersion = 6.1.1;
					};
					5DFD77281A3F751B00C6796B = {
						CreatedOnToolsVersion = 6.1.1;
						TestTargetID = 5DFD77131A3F751B00C6796B;
					};
				};
			};
			buildConfigurationList = 5DFD770F1A3F751B00C6796B /* Build configuration list for PBXProject "Lesson04InClass" */;
			compatibilityVersion = "Xcode 3.2";
			developmentRegion = English;
			hasScannedForEncodings = 0;
			knownRegions = (
				en,
				Base,
			);
			mainGroup = 5DFD770B1A3F751B00C6796B;
			productRefGroup = 5DFD77151A3F751B00C6796B /* Products */;
			projectDirPath = "";
			projectRoot = "";
			targets = (
				5DFD77131A3F751B00C6796B /* Lesson04InClass */,
				5DFD77281A3F751B00C6796B /* Lesson04InClassTests */,
			);
		};
/* End PBXProject section */

/* Begin PBXResourcesBuildPhase section */
		5DFD77121A3F751B00C6796B /* Resources */ = {
			isa = PBXResourcesBuildPhase;
			buildActionMask = 2147483647;
			files = (
				5DFD771F1A3F751B00C6796B /* Main.storyboard in Resources */,
				5DFD77241A3F751B00C6796B /* LaunchScreen.xib in Resources */,
				5DFD77211A3F751B00C6796B /* Images.xcassets in Resources */,
			);
			runOnlyForDeploymentPostprocessing = 0;
		};
		5DFD77271A3F751B00C6796B /* Resources */ = {
			isa = PBXResourcesBuildPhase;
			buildActionMask = 2147483647;
			files = (
			);
			runOnlyForDeploymentPostprocessing = 0;
		};
/* End PBXResourcesBuildPhase section */

/* Begin PBXSourcesBuildPhase section */
		5DFD77101A3F751B00C6796B /* Sources */ = {
			isa = PBXSourcesBuildPhase;
			buildActionMask = 2147483647;
			files = (
				5DFD771C1A3F751B00C6796B /* ViewController.swift in Sources */,
				5DFD771A1A3F751B00C6796B /* AppDelegate.swift in Sources */,
			);
			runOnlyForDeploymentPostprocessing = 0;
		};
		5DFD77251A3F751B00C6796B /* Sources */ = {
			isa = PBXSourcesBuildPhase;
			buildActionMask = 2147483647;
			files = (
				5DFD77301A3F751B00C6796B /* Lesson04InClassTests.swift in Sources */,
			);
			runOnlyForDeploymentPostprocessing = 0;
		};
/* End PBXSourcesBuildPhase section */

/* Begin PBXTargetDependency section */
		5DFD772B1A3F751B00C6796B /* PBXTargetDependency */ = {
			isa = PBXTargetDependency;
			target = 5DFD77131A3F751B00C6796B /* Lesson04InClass */;
			targetProxy = 5DFD772A1A3F751B00C6796B /* PBXContainerItemProxy */;
		};
/* End PBXTargetDependency section */

/* Begin PBXVariantGroup section */
		5DFD771D1A3F751B00C6796B /* Main.storyboard */ = {
			isa = PBXVariantGroup;
			children = (
				5DFD771E1A3F751B00C6796B /* Base */,
			);
			name = Main.storyboard;
			sourceTree = "<group>";
		};
		5DFD77221A3F751B00C6796B /* LaunchScreen.xib */ = {
			isa = PBXVariantGroup;
			children = (
				5DFD77231A3F751B00C6796B /* Base */,
			);
			name = LaunchScreen.xib;
			sourceTree = "<group>";
		};
/* End PBXVariantGroup section */

/* Begin XCBuildConfiguration section */
		5DFD77311A3F751B00C6796B /* Debug */ = {
			isa = XCBuildConfiguration;
			buildSettings = {
				ALWAYS_SEARCH_USER_PATHS = NO;
				CLANG_CXX_LANGUAGE_STANDARD = "gnu++0x";
				CLANG_CXX_LIBRARY = "libc++";
				CLANG_ENABLE_MODULES = YES;
				CLANG_ENABLE_OBJC_ARC = YES;
				CLANG_WARN_BOOL_CONVERSION = YES;
				CLANG_WARN_CONSTANT_CONVERSION = YES;
				CLANG_WARN_DIRECT_OBJC_ISA_USAGE = YES_ERROR;
				CLANG_WARN_EMPTY_BODY = YES;
				CLANG_WARN_ENUM_CONVERSION = YES;
				CLANG_WARN_INT_CONVERSION = YES;
				CLANG_WARN_OBJC_ROOT_CLASS = YES_ERROR;
				CLANG_WARN_UNREACHABLE_CODE = YES;
				CLANG_WARN__DUPLICATE_METHOD_MATCH = YES;
				"CODE_SIGN_IDENTITY[sdk=iphoneos*]" = "iPhone Developer";
				COPY_PHASE_STRIP = NO;
				ENABLE_STRICT_OBJC_MSGSEND = YES;
				GCC_C_LANGUAGE_STANDARD = gnu99;
				GCC_DYNAMIC_NO_PIC = NO;
				GCC_OPTIMIZATION_LEVEL = 0;
				GCC_PREPROCESSOR_DEFINITIONS = (
					"DEBUG=1",
					"$(inherited)",
				);
				GCC_SYMBOLS_PRIVATE_EXTERN = NO;
				GCC_WARN_64_TO_32_BIT_CONVERSION = YES;
				GCC_WARN_ABOUT_RETURN_TYPE = YES_ERROR;
				GCC_WARN_UNDECLARED_SELECTOR = YES;
				GCC_WARN_UNINITIALIZED_AUTOS = YES_AGGRESSIVE;
				GCC_WARN_UNUSED_FUNCTION = YES;
				GCC_WARN_UNUSED_VARIABLE = YES;
				IPHONEOS_DEPLOYMENT_TARGET = 8.1;
				MTL_ENABLE_DEBUG_INFO = YES;
				ONLY_ACTIVE_ARCH = YES;
				SDKROOT = iphoneos;
				SWIFT_OPTIMIZATION_LEVEL = "-Onone";
			};
			name = Debug;
		};
		5DFD77321A3F751B00C6796B /* Release */ = {
			isa = XCBuildConfiguration;
			buildSettings = {
				ALWAYS_SEARCH_USER_PATHS = NO;
				CLANG_CXX_LANGUAGE_STANDARD = "gnu++0x";
				CLANG_CXX_LIBRARY = "libc++";
				CLANG_ENABLE_MODULES = YES;
				CLANG_ENABLE_OBJC_ARC = YES;
				CLANG_WARN_BOOL_CONVERSION = YES;
				CLANG_WARN_CONSTANT_CONVERSION = YES;
				CLANG_WARN_DIRECT_OBJC_ISA_USAGE = YES_ERROR;
				CLANG_WARN_EMPTY_BODY = YES;
				CLANG_WARN_ENUM_CONVERSION = YES;
				CLANG_WARN_INT_CONVERSION = YES;
				CLANG_WARN_OBJC_ROOT_CLASS = YES_ERROR;
				CLANG_WARN_UNREACHABLE_CODE = YES;
				CLANG_WARN__DUPLICATE_METHOD_MATCH = YES;
				"CODE_SIGN_IDENTITY[sdk=iphoneos*]" = "iPhone Developer";
				COPY_PHASE_STRIP = YES;
				ENABLE_NS_ASSERTIONS = NO;
				ENABLE_STRICT_OBJC_MSGSEND = YES;
				GCC_C_LANGUAGE_STANDARD = gnu99;
				GCC_WARN_64_TO_32_BIT_CONVERSION = YES;
				GCC_WARN_ABOUT_RETURN_TYPE = YES_ERROR;
				GCC_WARN_UNDECLARED_SELECTOR = YES;
				GCC_WARN_UNINITIALIZED_AUTOS = YES_AGGRESSIVE;
				GCC_WARN_UNUSED_FUNCTION = YES;
				GCC_WARN_UNUSED_VARIABLE = YES;
				IPHONEOS_DEPLOYMENT_TARGET = 8.1;
				MTL_ENABLE_DEBUG_INFO = NO;
				SDKROOT = iphoneos;
				VALIDATE_PRODUCT = YES;
			};
			name = Release;
		};
		5DFD77341A3F751B00C6796B /* Debug */ = {
			isa = XCBuildConfiguration;
			buildSettings = {
				ASSETCATALOG_COMPILER_APPICON_NAME = AppIcon;
				INFOPLIST_FILE = Lesson04InClass/Info.plist;
				LD_RUNPATH_SEARCH_PATHS = "$(inherited) @executable_path/Frameworks";
				PRODUCT_NAME = "$(TARGET_NAME)";
			};
			name = Debug;
		};
		5DFD77351A3F751B00C6796B /* Release */ = {
			isa = XCBuildConfiguration;
			buildSettings = {
				ASSETCATALOG_COMPILER_APPICON_NAME = AppIcon;
				INFOPLIST_FILE = Lesson04InClass/Info.plist;
				LD_RUNPATH_SEARCH_PATHS = "$(inherited) @executable_path/Frameworks";
				PRODUCT_NAME = "$(TARGET_NAME)";
			};
			name = Release;
		};
		5DFD77371A3F751B00C6796B /* Debug */ = {
			isa = XCBuildConfiguration;
			buildSettings = {
				BUNDLE_LOADER = "$(TEST_HOST)";
				FRAMEWORK_SEARCH_PATHS = (
					"$(SDKROOT)/Developer/Library/Frameworks",
					"$(inherited)",
				);
				GCC_PREPROCESSOR_DEFINITIONS = (
					"DEBUG=1",
					"$(inherited)",
				);
				INFOPLIST_FILE = Lesson04InClassTests/Info.plist;
				LD_RUNPATH_SEARCH_PATHS = "$(inherited) @executable_path/Frameworks @loader_path/Frameworks";
				PRODUCT_NAME = "$(TARGET_NAME)";
				TEST_HOST = "$(BUILT_PRODUCTS_DIR)/Lesson04InClass.app/Lesson04InClass";
			};
			name = Debug;
		};
		5DFD77381A3F751B00C6796B /* Release */ = {
			isa = XCBuildConfiguration;
			buildSettings = {
				BUNDLE_LOADER = "$(TEST_HOST)";
				FRAMEWORK_SEARCH_PATHS = (
					"$(SDKROOT)/Developer/Library/Frameworks",
					"$(inherited)",
				);
				INFOPLIST_FILE = Lesson04InClassTests/Info.plist;
				LD_RUNPATH_SEARCH_PATHS = "$(inherited) @executable_path/Frameworks @loader_path/Frameworks";
				PRODUCT_NAME = "$(TARGET_NAME)";
				TEST_HOST = "$(BUILT_PRODUCTS_DIR)/Lesson04InClass.app/Lesson04InClass";
			};
			name = Release;
		};
/* End XCBuildConfiguration section */

/* Begin XCConfigurationList section */
		5DFD770F1A3F751B00C6796B /* Build configuration list for PBXProject "Lesson04InClass" */ = {
			isa = XCConfigurationList;
			buildConfigurations = (
				5DFD77311A3F751B00C6796B /* Debug */,
				5DFD77321A3F751B00C6796B /* Release */,
			);
			defaultConfigurationIsVisible = 0;
			defaultConfigurationName = Release;
		};
		5DFD77331A3F751B00C6796B /* Build configuration list for PBXNativeTarget "Lesson04InClass" */ = {
			isa = XCConfigurationList;
			buildConfigurations = (
				5DFD77341A3F751B00C6796B /* Debug */,
				5DFD77351A3F751B00C6796B /* Release */,
			);
			defaultConfigurationIsVisible = 0;
		};
		5DFD77361A3F751B00C6796B /* Build configuration list for PBXNativeTarget "Lesson04InClassTests" */ = {
			isa = XCConfigurationList;
			buildConfigurations = (
				5DFD77371A3F751B00C6796B /* Debug */,
				5DFD77381A3F751B00C6796B /* Release */,
			);
			defaultConfigurationIsVisible = 0;
		};
/* End XCConfigurationList section */
	};
	rootObject = 5DFD770C1A3F751B00C6796B /* Project object */;
}
