// !$*UTF8*$!
{
	archiveVersion = 1;
	classes = {
	};
	objectVersion = 46;
	objects = {

/* Begin PBXBuildFile section */
		5DD95DF51A805A1C0054D307 /* AppDelegate.swift in Sources */ = {isa = PBXBuildFile; fileRef = 5DD95DF41A805A1C0054D307 /* AppDelegate.swift */; };
		5DD95DF71A805A1C0054D307 /* ViewController.swift in Sources */ = {isa = PBXBuildFile; fileRef = 5DD95DF61A805A1C0054D307 /* ViewController.swift */; };
		5DD95DFA1A805A1C0054D307 /* Main.storyboard in Resources */ = {isa = PBXBuildFile; fileRef = 5DD95DF81A805A1C0054D307 /* Main.storyboard */; };
		5DD95DFC1A805A1C0054D307 /* Images.xcassets in Resources */ = {isa = PBXBuildFile; fileRef = 5DD95DFB1A805A1C0054D307 /* Images.xcassets */; };
		5DD95DFF1A805A1C0054D307 /* LaunchScreen.xib in Resources */ = {isa = PBXBuildFile; fileRef = 5DD95DFD1A805A1C0054D307 /* LaunchScreen.xib */; };
		5DD95E0B1A805A1C0054D307 /* PracticeWithViewsTests.swift in Sources */ = {isa = PBXBuildFile; fileRef = 5DD95E0A1A805A1C0054D307 /* PracticeWithViewsTests.swift */; };
/* End PBXBuildFile section */

/* Begin PBXContainerItemProxy section */
		5DD95E051A805A1C0054D307 /* PBXContainerItemProxy */ = {
			isa = PBXContainerItemProxy;
			containerPortal = 5DD95DE71A805A1C0054D307 /* Project object */;
			proxyType = 1;
			remoteGlobalIDString = 5DD95DEE1A805A1C0054D307;
			remoteInfo = PracticeWithViews;
		};
/* End PBXContainerItemProxy section */

/* Begin PBXFileReference section */
		5DD95DEF1A805A1C0054D307 /* PracticeWithViews.app */ = {isa = PBXFileReference; explicitFileType = wrapper.application; includeInIndex = 0; path = PracticeWithViews.app; sourceTree = BUILT_PRODUCTS_DIR; };
		5DD95DF31A805A1C0054D307 /* Info.plist */ = {isa = PBXFileReference; lastKnownFileType = text.plist.xml; path = Info.plist; sourceTree = "<group>"; };
		5DD95DF41A805A1C0054D307 /* AppDelegate.swift */ = {isa = PBXFileReference; lastKnownFileType = sourcecode.swift; path = AppDelegate.swift; sourceTree = "<group>"; };
		5DD95DF61A805A1C0054D307 /* ViewController.swift */ = {isa = PBXFileReference; lastKnownFileType = sourcecode.swift; path = ViewController.swift; sourceTree = "<group>"; };
		5DD95DF91A805A1C0054D307 /* Base */ = {isa = PBXFileReference; lastKnownFileType = file.storyboard; name = Base; path = Base.lproj/Main.storyboard; sourceTree = "<group>"; };
		5DD95DFB1A805A1C0054D307 /* Images.xcassets */ = {isa = PBXFileReference; lastKnownFileType = folder.assetcatalog; path = Images.xcassets; sourceTree = "<group>"; };
		5DD95DFE1A805A1C0054D307 /* Base */ = {isa = PBXFileReference; lastKnownFileType = file.xib; name = Base; path = Base.lproj/LaunchScreen.xib; sourceTree = "<group>"; };
		5DD95E041A805A1C0054D307 /* PracticeWithViewsTests.xctest */ = {isa = PBXFileReference; explicitFileType = wrapper.cfbundle; includeInIndex = 0; path = PracticeWithViewsTests.xctest; sourceTree = BUILT_PRODUCTS_DIR; };
		5DD95E091A805A1C0054D307 /* Info.plist */ = {isa = PBXFileReference; lastKnownFileType = text.plist.xml; path = Info.plist; sourceTree = "<group>"; };
		5DD95E0A1A805A1C0054D307 /* PracticeWithViewsTests.swift */ = {isa = PBXFileReference; lastKnownFileType = sourcecode.swift; path = PracticeWithViewsTests.swift; sourceTree = "<group>"; };
/* End PBXFileReference section */

/* Begin PBXFrameworksBuildPhase section */
		5DD95DEC1A805A1C0054D307 /* Frameworks */ = {
			isa = PBXFrameworksBuildPhase;
			buildActionMask = 2147483647;
			files = (
			);
			runOnlyForDeploymentPostprocessing = 0;
		};
		5DD95E011A805A1C0054D307 /* Frameworks */ = {
			isa = PBXFrameworksBuildPhase;
			buildActionMask = 2147483647;
			files = (
			);
			runOnlyForDeploymentPostprocessing = 0;
		};
/* End PBXFrameworksBuildPhase section */

/* Begin PBXGroup section */
		5DD95DE61A805A1C0054D307 = {
			isa = PBXGroup;
			children = (
				5DD95DF11A805A1C0054D307 /* PracticeWithViews */,
				5DD95E071A805A1C0054D307 /* PracticeWithViewsTests */,
				5DD95DF01A805A1C0054D307 /* Products */,
			);
			sourceTree = "<group>";
		};
		5DD95DF01A805A1C0054D307 /* Products */ = {
			isa = PBXGroup;
			children = (
				5DD95DEF1A805A1C0054D307 /* PracticeWithViews.app */,
				5DD95E041A805A1C0054D307 /* PracticeWithViewsTests.xctest */,
			);
			name = Products;
			sourceTree = "<group>";
		};
		5DD95DF11A805A1C0054D307 /* PracticeWithViews */ = {
			isa = PBXGroup;
			children = (
				5DD95DF41A805A1C0054D307 /* AppDelegate.swift */,
				5DD95DF61A805A1C0054D307 /* ViewController.swift */,
				5DD95DF81A805A1C0054D307 /* Main.storyboard */,
				5DD95DFB1A805A1C0054D307 /* Images.xcassets */,
				5DD95DFD1A805A1C0054D307 /* LaunchScreen.xib */,
				5DD95DF21A805A1C0054D307 /* Supporting Files */,
			);
			path = PracticeWithViews;
			sourceTree = "<group>";
		};
		5DD95DF21A805A1C0054D307 /* Supporting Files */ = {
			isa = PBXGroup;
			children = (
				5DD95DF31A805A1C0054D307 /* Info.plist */,
			);
			name = "Supporting Files";
			sourceTree = "<group>";
		};
		5DD95E071A805A1C0054D307 /* PracticeWithViewsTests */ = {
			isa = PBXGroup;
			children = (
				5DD95E0A1A805A1C0054D307 /* PracticeWithViewsTests.swift */,
				5DD95E081A805A1C0054D307 /* Supporting Files */,
			);
			path = PracticeWithViewsTests;
			sourceTree = "<group>";
		};
		5DD95E081A805A1C0054D307 /* Supporting Files */ = {
			isa = PBXGroup;
			children = (
				5DD95E091A805A1C0054D307 /* Info.plist */,
			);
			name = "Supporting Files";
			sourceTree = "<group>";
		};
/* End PBXGroup section */

/* Begin PBXNativeTarget section */
		5DD95DEE1A805A1C0054D307 /* PracticeWithViews */ = {
			isa = PBXNativeTarget;
			buildConfigurationList = 5DD95E0E1A805A1C0054D307 /* Build configuration list for PBXNativeTarget "PracticeWithViews" */;
			buildPhases = (
				5DD95DEB1A805A1C0054D307 /* Sources */,
				5DD95DEC1A805A1C0054D307 /* Frameworks */,
				5DD95DED1A805A1C0054D307 /* Resources */,
			);
			buildRules = (
			);
			dependencies = (
			);
			name = PracticeWithViews;
			productName = PracticeWithViews;
			productReference = 5DD95DEF1A805A1C0054D307 /* PracticeWithViews.app */;
			productType = "com.apple.product-type.application";
		};
		5DD95E031A805A1C0054D307 /* PracticeWithViewsTests */ = {
			isa = PBXNativeTarget;
			buildConfigurationList = 5DD95E111A805A1C0054D307 /* Build configuration list for PBXNativeTarget "PracticeWithViewsTests" */;
			buildPhases = (
				5DD95E001A805A1C0054D307 /* Sources */,
				5DD95E011A805A1C0054D307 /* Frameworks */,
				5DD95E021A805A1C0054D307 /* Resources */,
			);
			buildRules = (
			);
			dependencies = (
				5DD95E061A805A1C0054D307 /* PBXTargetDependency */,
			);
			name = PracticeWithViewsTests;
			productName = PracticeWithViewsTests;
			productReference = 5DD95E041A805A1C0054D307 /* PracticeWithViewsTests.xctest */;
			productType = "com.apple.product-type.bundle.unit-test";
		};
/* End PBXNativeTarget section */

/* Begin PBXProject section */
		5DD95DE71A805A1C0054D307 /* Project object */ = {
			isa = PBXProject;
			attributes = {
				LastUpgradeCheck = 0610;
				ORGANIZATIONNAME = GA;
				TargetAttributes = {
					5DD95DEE1A805A1C0054D307 = {
						CreatedOnToolsVersion = 6.1.1;
					};
					5DD95E031A805A1C0054D307 = {
						CreatedOnToolsVersion = 6.1.1;
						TestTargetID = 5DD95DEE1A805A1C0054D307;
					};
				};
			};
			buildConfigurationList = 5DD95DEA1A805A1C0054D307 /* Build configuration list for PBXProject "PracticeWithViews" */;
			compatibilityVersion = "Xcode 3.2";
			developmentRegion = English;
			hasScannedForEncodings = 0;
			knownRegions = (
				en,
				Base,
			);
			mainGroup = 5DD95DE61A805A1C0054D307;
			productRefGroup = 5DD95DF01A805A1C0054D307 /* Products */;
			projectDirPath = "";
			projectRoot = "";
			targets = (
				5DD95DEE1A805A1C0054D307 /* PracticeWithViews */,
				5DD95E031A805A1C0054D307 /* PracticeWithViewsTests */,
			);
		};
/* End PBXProject section */

/* Begin PBXResourcesBuildPhase section */
		5DD95DED1A805A1C0054D307 /* Resources */ = {
			isa = PBXResourcesBuildPhase;
			buildActionMask = 2147483647;
			files = (
				5DD95DFA1A805A1C0054D307 /* Main.storyboard in Resources */,
				5DD95DFF1A805A1C0054D307 /* LaunchScreen.xib in Resources */,
				5DD95DFC1A805A1C0054D307 /* Images.xcassets in Resources */,
			);
			runOnlyForDeploymentPostprocessing = 0;
		};
		5DD95E021A805A1C0054D307 /* Resources */ = {
			isa = PBXResourcesBuildPhase;
			buildActionMask = 2147483647;
			files = (
			);
			runOnlyForDeploymentPostprocessing = 0;
		};
/* End PBXResourcesBuildPhase section */

/* Begin PBXSourcesBuildPhase section */
		5DD95DEB1A805A1C0054D307 /* Sources */ = {
			isa = PBXSourcesBuildPhase;
			buildActionMask = 2147483647;
			files = (
				5DD95DF71A805A1C0054D307 /* ViewController.swift in Sources */,
				5DD95DF51A805A1C0054D307 /* AppDelegate.swift in Sources */,
			);
			runOnlyForDeploymentPostprocessing = 0;
		};
		5DD95E001A805A1C0054D307 /* Sources */ = {
			isa = PBXSourcesBuildPhase;
			buildActionMask = 2147483647;
			files = (
				5DD95E0B1A805A1C0054D307 /* PracticeWithViewsTests.swift in Sources */,
			);
			runOnlyForDeploymentPostprocessing = 0;
		};
/* End PBXSourcesBuildPhase section */

/* Begin PBXTargetDependency section */
		5DD95E061A805A1C0054D307 /* PBXTargetDependency */ = {
			isa = PBXTargetDependency;
			target = 5DD95DEE1A805A1C0054D307 /* PracticeWithViews */;
			targetProxy = 5DD95E051A805A1C0054D307 /* PBXContainerItemProxy */;
		};
/* End PBXTargetDependency section */

/* Begin PBXVariantGroup section */
		5DD95DF81A805A1C0054D307 /* Main.storyboard */ = {
			isa = PBXVariantGroup;
			children = (
				5DD95DF91A805A1C0054D307 /* Base */,
			);
			name = Main.storyboard;
			sourceTree = "<group>";
		};
		5DD95DFD1A805A1C0054D307 /* LaunchScreen.xib */ = {
			isa = PBXVariantGroup;
			children = (
				5DD95DFE1A805A1C0054D307 /* Base */,
			);
			name = LaunchScreen.xib;
			sourceTree = "<group>";
		};
/* End PBXVariantGroup section */

/* Begin XCBuildConfiguration section */
		5DD95E0C1A805A1C0054D307 /* Debug */ = {
			isa = XCBuildConfiguration;
			buildSettings = {
				ALWAYS_SEARCH_USER_PATHS = NO;
				CLANG_CXX_LANGUAGE_STANDARD = "gnu++0x";
				CLANG_CXX_LIBRARY = "libc++";
				CLANG_ENABLE_MODULES = YES;
				CLANG_ENABLE_OBJC_ARC = YES;
				CLANG_WARN_BOOL_CONVERSION = YES;
				CLANG_WARN_CONSTANT_CONVERSION = YES;
				CLANG_WARN_DIRECT_OBJC_ISA_USAGE = YES_ERROR;
				CLANG_WARN_EMPTY_BODY = YES;
				CLANG_WARN_ENUM_CONVERSION = YES;
				CLANG_WARN_INT_CONVERSION = YES;
				CLANG_WARN_OBJC_ROOT_CLASS = YES_ERROR;
				CLANG_WARN_UNREACHABLE_CODE = YES;
				CLANG_WARN__DUPLICATE_METHOD_MATCH = YES;
				"CODE_SIGN_IDENTITY[sdk=iphoneos*]" = "iPhone Developer";
				COPY_PHASE_STRIP = NO;
				ENABLE_STRICT_OBJC_MSGSEND = YES;
				GCC_C_LANGUAGE_STANDARD = gnu99;
				GCC_DYNAMIC_NO_PIC = NO;
				GCC_OPTIMIZATION_LEVEL = 0;
				GCC_PREPROCESSOR_DEFINITIONS = (
					"DEBUG=1",
					"$(inherited)",
				);
				GCC_SYMBOLS_PRIVATE_EXTERN = NO;
				GCC_WARN_64_TO_32_BIT_CONVERSION = YES;
				GCC_WARN_ABOUT_RETURN_TYPE = YES_ERROR;
				GCC_WARN_UNDECLARED_SELECTOR = YES;
				GCC_WARN_UNINITIALIZED_AUTOS = YES_AGGRESSIVE;
				GCC_WARN_UNUSED_FUNCTION = YES;
				GCC_WARN_UNUSED_VARIABLE = YES;
				IPHONEOS_DEPLOYMENT_TARGET = 8.1;
				MTL_ENABLE_DEBUG_INFO = YES;
				ONLY_ACTIVE_ARCH = YES;
				SDKROOT = iphoneos;
				SWIFT_OPTIMIZATION_LEVEL = "-Onone";
			};
			name = Debug;
		};
		5DD95E0D1A805A1C0054D307 /* Release */ = {
			isa = XCBuildConfiguration;
			buildSettings = {
				ALWAYS_SEARCH_USER_PATHS = NO;
				CLANG_CXX_LANGUAGE_STANDARD = "gnu++0x";
				CLANG_CXX_LIBRARY = "libc++";
				CLANG_ENABLE_MODULES = YES;
				CLANG_ENABLE_OBJC_ARC = YES;
				CLANG_WARN_BOOL_CONVERSION = YES;
				CLANG_WARN_CONSTANT_CONVERSION = YES;
				CLANG_WARN_DIRECT_OBJC_ISA_USAGE = YES_ERROR;
				CLANG_WARN_EMPTY_BODY = YES;
				CLANG_WARN_ENUM_CONVERSION = YES;
				CLANG_WARN_INT_CONVERSION = YES;
				CLANG_WARN_OBJC_ROOT_CLASS = YES_ERROR;
				CLANG_WARN_UNREACHABLE_CODE = YES;
				CLANG_WARN__DUPLICATE_METHOD_MATCH = YES;
				"CODE_SIGN_IDENTITY[sdk=iphoneos*]" = "iPhone Developer";
				COPY_PHASE_STRIP = YES;
				ENABLE_NS_ASSERTIONS = NO;
				ENABLE_STRICT_OBJC_MSGSEND = YES;
				GCC_C_LANGUAGE_STANDARD = gnu99;
				GCC_WARN_64_TO_32_BIT_CONVERSION = YES;
				GCC_WARN_ABOUT_RETURN_TYPE = YES_ERROR;
				GCC_WARN_UNDECLARED_SELECTOR = YES;
				GCC_WARN_UNINITIALIZED_AUTOS = YES_AGGRESSIVE;
				GCC_WARN_UNUSED_FUNCTION = YES;
				GCC_WARN_UNUSED_VARIABLE = YES;
				IPHONEOS_DEPLOYMENT_TARGET = 8.1;
				MTL_ENABLE_DEBUG_INFO = NO;
				SDKROOT = iphoneos;
				VALIDATE_PRODUCT = YES;
			};
			name = Release;
		};
		5DD95E0F1A805A1C0054D307 /* Debug */ = {
			isa = XCBuildConfiguration;
			buildSettings = {
				ASSETCATALOG_COMPILER_APPICON_NAME = AppIcon;
				INFOPLIST_FILE = PracticeWithViews/Info.plist;
				LD_RUNPATH_SEARCH_PATHS = "$(inherited) @executable_path/Frameworks";
				PRODUCT_NAME = "$(TARGET_NAME)";
			};
			name = Debug;
		};
		5DD95E101A805A1C0054D307 /* Release */ = {
			isa = XCBuildConfiguration;
			buildSettings = {
				ASSETCATALOG_COMPILER_APPICON_NAME = AppIcon;
				INFOPLIST_FILE = PracticeWithViews/Info.plist;
				LD_RUNPATH_SEARCH_PATHS = "$(inherited) @executable_path/Frameworks";
				PRODUCT_NAME = "$(TARGET_NAME)";
			};
			name = Release;
		};
		5DD95E121A805A1C0054D307 /* Debug */ = {
			isa = XCBuildConfiguration;
			buildSettings = {
				BUNDLE_LOADER = "$(TEST_HOST)";
				FRAMEWORK_SEARCH_PATHS = (
					"$(SDKROOT)/Developer/Library/Frameworks",
					"$(inherited)",
				);
				GCC_PREPROCESSOR_DEFINITIONS = (
					"DEBUG=1",
					"$(inherited)",
				);
				INFOPLIST_FILE = PracticeWithViewsTests/Info.plist;
				LD_RUNPATH_SEARCH_PATHS = "$(inherited) @executable_path/Frameworks @loader_path/Frameworks";
				PRODUCT_NAME = "$(TARGET_NAME)";
				TEST_HOST = "$(BUILT_PRODUCTS_DIR)/PracticeWithViews.app/PracticeWithViews";
			};
			name = Debug;
		};
		5DD95E131A805A1C0054D307 /* Release */ = {
			isa = XCBuildConfiguration;
			buildSettings = {
				BUNDLE_LOADER = "$(TEST_HOST)";
				FRAMEWORK_SEARCH_PATHS = (
					"$(SDKROOT)/Developer/Library/Frameworks",
					"$(inherited)",
				);
				INFOPLIST_FILE = PracticeWithViewsTests/Info.plist;
				LD_RUNPATH_SEARCH_PATHS = "$(inherited) @executable_path/Frameworks @loader_path/Frameworks";
				PRODUCT_NAME = "$(TARGET_NAME)";
				TEST_HOST = "$(BUILT_PRODUCTS_DIR)/PracticeWithViews.app/PracticeWithViews";
			};
			name = Release;
		};
/* End XCBuildConfiguration section */

/* Begin XCConfigurationList section */
		5DD95DEA1A805A1C0054D307 /* Build configuration list for PBXProject "PracticeWithViews" */ = {
			isa = XCConfigurationList;
			buildConfigurations = (
				5DD95E0C1A805A1C0054D307 /* Debug */,
				5DD95E0D1A805A1C0054D307 /* Release */,
			);
			defaultConfigurationIsVisible = 0;
			defaultConfigurationName = Release;
		};
		5DD95E0E1A805A1C0054D307 /* Build configuration list for PBXNativeTarget "PracticeWithViews" */ = {
			isa = XCConfigurationList;
			buildConfigurations = (
				5DD95E0F1A805A1C0054D307 /* Debug */,
				5DD95E101A805A1C0054D307 /* Release */,
			);
			defaultConfigurationIsVisible = 0;
		};
		5DD95E111A805A1C0054D307 /* Build configuration list for PBXNativeTarget "PracticeWithViewsTests" */ = {
			isa = XCConfigurationList;
			buildConfigurations = (
				5DD95E121A805A1C0054D307 /* Debug */,
				5DD95E131A805A1C0054D307 /* Release */,
			);
			defaultConfigurationIsVisible = 0;
		};
/* End XCConfigurationList section */
	};
	rootObject = 5DD95DE71A805A1C0054D307 /* Project object */;
}
