// !$*UTF8*$!
{
	archiveVersion = 1;
	classes = {
	};
	objectVersion = 46;
	objects = {

/* Begin PBXBuildFile section */
		5DCED9BB19D8E50600DE1DC2 /* AppDelegate.swift in Sources */ = {isa = PBXBuildFile; fileRef = 5DCED9BA19D8E50600DE1DC2 /* AppDelegate.swift */; };
		5DCED9BD19D8E50600DE1DC2 /* ArrayViewController.swift in Sources */ = {isa = PBXBuildFile; fileRef = 5DCED9BC19D8E50600DE1DC2 /* ArrayViewController.swift */; };
		5DCED9C019D8E50600DE1DC2 /* Main.storyboard in Resources */ = {isa = PBXBuildFile; fileRef = 5DCED9BE19D8E50600DE1DC2 /* Main.storyboard */; };
		5DCED9C219D8E50600DE1DC2 /* Images.xcassets in Resources */ = {isa = PBXBuildFile; fileRef = 5DCED9C119D8E50600DE1DC2 /* Images.xcassets */; };
		5DCED9D119D8E50600DE1DC2 /* Lesson04Tests.swift in Sources */ = {isa = PBXBuildFile; fileRef = 5DCED9D019D8E50600DE1DC2 /* Lesson04Tests.swift */; };
		5DCED9DB19D8E6DF00DE1DC2 /* MapViewController.swift in Sources */ = {isa = PBXBuildFile; fileRef = 5DCED9DA19D8E6DF00DE1DC2 /* MapViewController.swift */; };
/* End PBXBuildFile section */

/* Begin PBXContainerItemProxy section */
		5DCED9CB19D8E50600DE1DC2 /* PBXContainerItemProxy */ = {
			isa = PBXContainerItemProxy;
			containerPortal = 5DCED9AD19D8E50600DE1DC2 /* Project object */;
			proxyType = 1;
			remoteGlobalIDString = 5DCED9B419D8E50600DE1DC2;
			remoteInfo = Lesson04;
		};
/* End PBXContainerItemProxy section */

/* Begin PBXFileReference section */
		5DCED9B519D8E50600DE1DC2 /* Lesson04.app */ = {isa = PBXFileReference; explicitFileType = wrapper.application; includeInIndex = 0; path = Lesson04.app; sourceTree = BUILT_PRODUCTS_DIR; };
		5DCED9B919D8E50600DE1DC2 /* Info.plist */ = {isa = PBXFileReference; lastKnownFileType = text.plist.xml; path = Info.plist; sourceTree = "<group>"; };
		5DCED9BA19D8E50600DE1DC2 /* AppDelegate.swift */ = {isa = PBXFileReference; lastKnownFileType = sourcecode.swift; path = AppDelegate.swift; sourceTree = "<group>"; };
		5DCED9BC19D8E50600DE1DC2 /* ArrayViewController.swift */ = {isa = PBXFileReference; lastKnownFileType = sourcecode.swift; path = ArrayViewController.swift; sourceTree = "<group>"; };
		5DCED9BF19D8E50600DE1DC2 /* Base */ = {isa = PBXFileReference; lastKnownFileType = file.storyboard; name = Base; path = Base.lproj/Main.storyboard; sourceTree = "<group>"; };
		5DCED9C119D8E50600DE1DC2 /* Images.xcassets */ = {isa = PBXFileReference; lastKnownFileType = folder.assetcatalog; path = Images.xcassets; sourceTree = "<group>"; };
		5DCED9CA19D8E50600DE1DC2 /* Lesson04Tests.xctest */ = {isa = PBXFileReference; explicitFileType = wrapper.cfbundle; includeInIndex = 0; path = Lesson04Tests.xctest; sourceTree = BUILT_PRODUCTS_DIR; };
		5DCED9CF19D8E50600DE1DC2 /* Info.plist */ = {isa = PBXFileReference; lastKnownFileType = text.plist.xml; path = Info.plist; sourceTree = "<group>"; };
		5DCED9D019D8E50600DE1DC2 /* Lesson04Tests.swift */ = {isa = PBXFileReference; lastKnownFileType = sourcecode.swift; path = Lesson04Tests.swift; sourceTree = "<group>"; };
		5DCED9DA19D8E6DF00DE1DC2 /* MapViewController.swift */ = {isa = PBXFileReference; fileEncoding = 4; lastKnownFileType = sourcecode.swift; path = MapViewController.swift; sourceTree = "<group>"; };
/* End PBXFileReference section */

/* Begin PBXFrameworksBuildPhase section */
		5DCED9B219D8E50600DE1DC2 /* Frameworks */ = {
			isa = PBXFrameworksBuildPhase;
			buildActionMask = 2147483647;
			files = (
			);
			runOnlyForDeploymentPostprocessing = 0;
		};
		5DCED9C719D8E50600DE1DC2 /* Frameworks */ = {
			isa = PBXFrameworksBuildPhase;
			buildActionMask = 2147483647;
			files = (
			);
			runOnlyForDeploymentPostprocessing = 0;
		};
/* End PBXFrameworksBuildPhase section */

/* Begin PBXGroup section */
		5DCED9AC19D8E50600DE1DC2 = {
			isa = PBXGroup;
			children = (
				5DCED9B719D8E50600DE1DC2 /* Lesson04 */,
				5DCED9CD19D8E50600DE1DC2 /* Lesson04Tests */,
				5DCED9B619D8E50600DE1DC2 /* Products */,
			);
			sourceTree = "<group>";
		};
		5DCED9B619D8E50600DE1DC2 /* Products */ = {
			isa = PBXGroup;
			children = (
				5DCED9B519D8E50600DE1DC2 /* Lesson04.app */,
				5DCED9CA19D8E50600DE1DC2 /* Lesson04Tests.xctest */,
			);
			name = Products;
			sourceTree = "<group>";
		};
		5DCED9B719D8E50600DE1DC2 /* Lesson04 */ = {
			isa = PBXGroup;
			children = (
				5DCED9BA19D8E50600DE1DC2 /* AppDelegate.swift */,
				5DCED9DA19D8E6DF00DE1DC2 /* MapViewController.swift */,
				5DCED9BC19D8E50600DE1DC2 /* ArrayViewController.swift */,
				5DCED9BE19D8E50600DE1DC2 /* Main.storyboard */,
				5DCED9C119D8E50600DE1DC2 /* Images.xcassets */,
				5DCED9B819D8E50600DE1DC2 /* Supporting Files */,
			);
			path = Lesson04;
			sourceTree = "<group>";
		};
		5DCED9B819D8E50600DE1DC2 /* Supporting Files */ = {
			isa = PBXGroup;
			children = (
				5DCED9B919D8E50600DE1DC2 /* Info.plist */,
			);
			name = "Supporting Files";
			sourceTree = "<group>";
		};
		5DCED9CD19D8E50600DE1DC2 /* Lesson04Tests */ = {
			isa = PBXGroup;
			children = (
				5DCED9D019D8E50600DE1DC2 /* Lesson04Tests.swift */,
				5DCED9CE19D8E50600DE1DC2 /* Supporting Files */,
			);
			path = Lesson04Tests;
			sourceTree = "<group>";
		};
		5DCED9CE19D8E50600DE1DC2 /* Supporting Files */ = {
			isa = PBXGroup;
			children = (
				5DCED9CF19D8E50600DE1DC2 /* Info.plist */,
			);
			name = "Supporting Files";
			sourceTree = "<group>";
		};
/* End PBXGroup section */

/* Begin PBXNativeTarget section */
		5DCED9B419D8E50600DE1DC2 /* Lesson04 */ = {
			isa = PBXNativeTarget;
			buildConfigurationList = 5DCED9D419D8E50600DE1DC2 /* Build configuration list for PBXNativeTarget "Lesson04" */;
			buildPhases = (
				5DCED9B119D8E50600DE1DC2 /* Sources */,
				5DCED9B219D8E50600DE1DC2 /* Frameworks */,
				5DCED9B319D8E50600DE1DC2 /* Resources */,
			);
			buildRules = (
			);
			dependencies = (
			);
			name = Lesson04;
			productName = Lesson04;
			productReference = 5DCED9B519D8E50600DE1DC2 /* Lesson04.app */;
			productType = "com.apple.product-type.application";
		};
		5DCED9C919D8E50600DE1DC2 /* Lesson04Tests */ = {
			isa = PBXNativeTarget;
			buildConfigurationList = 5DCED9D719D8E50600DE1DC2 /* Build configuration list for PBXNativeTarget "Lesson04Tests" */;
			buildPhases = (
				5DCED9C619D8E50600DE1DC2 /* Sources */,
				5DCED9C719D8E50600DE1DC2 /* Frameworks */,
				5DCED9C819D8E50600DE1DC2 /* Resources */,
			);
			buildRules = (
			);
			dependencies = (
				5DCED9CC19D8E50600DE1DC2 /* PBXTargetDependency */,
			);
			name = Lesson04Tests;
			productName = Lesson04Tests;
			productReference = 5DCED9CA19D8E50600DE1DC2 /* Lesson04Tests.xctest */;
			productType = "com.apple.product-type.bundle.unit-test";
		};
/* End PBXNativeTarget section */

/* Begin PBXProject section */
		5DCED9AD19D8E50600DE1DC2 /* Project object */ = {
			isa = PBXProject;
			attributes = {
				LastUpgradeCheck = 0600;
				ORGANIZATIONNAME = "General Assembly";
				TargetAttributes = {
					5DCED9B419D8E50600DE1DC2 = {
						CreatedOnToolsVersion = 6.0.1;
					};
					5DCED9C919D8E50600DE1DC2 = {
						CreatedOnToolsVersion = 6.0.1;
						TestTargetID = 5DCED9B419D8E50600DE1DC2;
					};
				};
			};
			buildConfigurationList = 5DCED9B019D8E50600DE1DC2 /* Build configuration list for PBXProject "Lesson04" */;
			compatibilityVersion = "Xcode 3.2";
			developmentRegion = English;
			hasScannedForEncodings = 0;
			knownRegions = (
				en,
				Base,
			);
			mainGroup = 5DCED9AC19D8E50600DE1DC2;
			productRefGroup = 5DCED9B619D8E50600DE1DC2 /* Products */;
			projectDirPath = "";
			projectRoot = "";
			targets = (
				5DCED9B419D8E50600DE1DC2 /* Lesson04 */,
				5DCED9C919D8E50600DE1DC2 /* Lesson04Tests */,
			);
		};
/* End PBXProject section */

/* Begin PBXResourcesBuildPhase section */
		5DCED9B319D8E50600DE1DC2 /* Resources */ = {
			isa = PBXResourcesBuildPhase;
			buildActionMask = 2147483647;
			files = (
				5DCED9C019D8E50600DE1DC2 /* Main.storyboard in Resources */,
				5DCED9C219D8E50600DE1DC2 /* Images.xcassets in Resources */,
			);
			runOnlyForDeploymentPostprocessing = 0;
		};
		5DCED9C819D8E50600DE1DC2 /* Resources */ = {
			isa = PBXResourcesBuildPhase;
			buildActionMask = 2147483647;
			files = (
			);
			runOnlyForDeploymentPostprocessing = 0;
		};
/* End PBXResourcesBuildPhase section */

/* Begin PBXSourcesBuildPhase section */
		5DCED9B119D8E50600DE1DC2 /* Sources */ = {
			isa = PBXSourcesBuildPhase;
			buildActionMask = 2147483647;
			files = (
				5DCED9BD19D8E50600DE1DC2 /* ArrayViewController.swift in Sources */,
				5DCED9DB19D8E6DF00DE1DC2 /* MapViewController.swift in Sources */,
				5DCED9BB19D8E50600DE1DC2 /* AppDelegate.swift in Sources */,
			);
			runOnlyForDeploymentPostprocessing = 0;
		};
		5DCED9C619D8E50600DE1DC2 /* Sources */ = {
			isa = PBXSourcesBuildPhase;
			buildActionMask = 2147483647;
			files = (
				5DCED9D119D8E50600DE1DC2 /* Lesson04Tests.swift in Sources */,
			);
			runOnlyForDeploymentPostprocessing = 0;
		};
/* End PBXSourcesBuildPhase section */

/* Begin PBXTargetDependency section */
		5DCED9CC19D8E50600DE1DC2 /* PBXTargetDependency */ = {
			isa = PBXTargetDependency;
			target = 5DCED9B419D8E50600DE1DC2 /* Lesson04 */;
			targetProxy = 5DCED9CB19D8E50600DE1DC2 /* PBXContainerItemProxy */;
		};
/* End PBXTargetDependency section */

/* Begin PBXVariantGroup section */
		5DCED9BE19D8E50600DE1DC2 /* Main.storyboard */ = {
			isa = PBXVariantGroup;
			children = (
				5DCED9BF19D8E50600DE1DC2 /* Base */,
			);
			name = Main.storyboard;
			sourceTree = "<group>";
		};
/* End PBXVariantGroup section */

/* Begin XCBuildConfiguration section */
		5DCED9D219D8E50600DE1DC2 /* Debug */ = {
			isa = XCBuildConfiguration;
			buildSettings = {
				ALWAYS_SEARCH_USER_PATHS = NO;
				CLANG_CXX_LANGUAGE_STANDARD = "gnu++0x";
				CLANG_CXX_LIBRARY = "libc++";
				CLANG_ENABLE_MODULES = YES;
				CLANG_ENABLE_OBJC_ARC = YES;
				CLANG_WARN_BOOL_CONVERSION = YES;
				CLANG_WARN_CONSTANT_CONVERSION = YES;
				CLANG_WARN_DIRECT_OBJC_ISA_USAGE = YES_ERROR;
				CLANG_WARN_EMPTY_BODY = YES;
				CLANG_WARN_ENUM_CONVERSION = YES;
				CLANG_WARN_INT_CONVERSION = YES;
				CLANG_WARN_OBJC_ROOT_CLASS = YES_ERROR;
				CLANG_WARN_UNREACHABLE_CODE = YES;
				CLANG_WARN__DUPLICATE_METHOD_MATCH = YES;
				"CODE_SIGN_IDENTITY[sdk=iphoneos*]" = "iPhone Developer";
				COPY_PHASE_STRIP = NO;
				ENABLE_STRICT_OBJC_MSGSEND = YES;
				GCC_C_LANGUAGE_STANDARD = gnu99;
				GCC_DYNAMIC_NO_PIC = NO;
				GCC_OPTIMIZATION_LEVEL = 0;
				GCC_PREPROCESSOR_DEFINITIONS = (
					"DEBUG=1",
					"$(inherited)",
				);
				GCC_SYMBOLS_PRIVATE_EXTERN = NO;
				GCC_WARN_64_TO_32_BIT_CONVERSION = YES;
				GCC_WARN_ABOUT_RETURN_TYPE = YES_ERROR;
				GCC_WARN_UNDECLARED_SELECTOR = YES;
				GCC_WARN_UNINITIALIZED_AUTOS = YES_AGGRESSIVE;
				GCC_WARN_UNUSED_FUNCTION = YES;
				GCC_WARN_UNUSED_VARIABLE = YES;
				IPHONEOS_DEPLOYMENT_TARGET = 8.0;
				MTL_ENABLE_DEBUG_INFO = YES;
				ONLY_ACTIVE_ARCH = YES;
				SDKROOT = iphoneos;
				SWIFT_OPTIMIZATION_LEVEL = "-Onone";
			};
			name = Debug;
		};
		5DCED9D319D8E50600DE1DC2 /* Release */ = {
			isa = XCBuildConfiguration;
			buildSettings = {
				ALWAYS_SEARCH_USER_PATHS = NO;
				CLANG_CXX_LANGUAGE_STANDARD = "gnu++0x";
				CLANG_CXX_LIBRARY = "libc++";
				CLANG_ENABLE_MODULES = YES;
				CLANG_ENABLE_OBJC_ARC = YES;
				CLANG_WARN_BOOL_CONVERSION = YES;
				CLANG_WARN_CONSTANT_CONVERSION = YES;
				CLANG_WARN_DIRECT_OBJC_ISA_USAGE = YES_ERROR;
				CLANG_WARN_EMPTY_BODY = YES;
				CLANG_WARN_ENUM_CONVERSION = YES;
				CLANG_WARN_INT_CONVERSION = YES;
				CLANG_WARN_OBJC_ROOT_CLASS = YES_ERROR;
				CLANG_WARN_UNREACHABLE_CODE = YES;
				CLANG_WARN__DUPLICATE_METHOD_MATCH = YES;
				"CODE_SIGN_IDENTITY[sdk=iphoneos*]" = "iPhone Developer";
				COPY_PHASE_STRIP = YES;
				ENABLE_NS_ASSERTIONS = NO;
				ENABLE_STRICT_OBJC_MSGSEND = YES;
				GCC_C_LANGUAGE_STANDARD = gnu99;
				GCC_WARN_64_TO_32_BIT_CONVERSION = YES;
				GCC_WARN_ABOUT_RETURN_TYPE = YES_ERROR;
				GCC_WARN_UNDECLARED_SELECTOR = YES;
				GCC_WARN_UNINITIALIZED_AUTOS = YES_AGGRESSIVE;
				GCC_WARN_UNUSED_FUNCTION = YES;
				GCC_WARN_UNUSED_VARIABLE = YES;
				IPHONEOS_DEPLOYMENT_TARGET = 8.0;
				MTL_ENABLE_DEBUG_INFO = NO;
				SDKROOT = iphoneos;
				VALIDATE_PRODUCT = YES;
			};
			name = Release;
		};
		5DCED9D519D8E50600DE1DC2 /* Debug */ = {
			isa = XCBuildConfiguration;
			buildSettings = {
				ASSETCATALOG_COMPILER_APPICON_NAME = AppIcon;
				INFOPLIST_FILE = Lesson04/Info.plist;
				LD_RUNPATH_SEARCH_PATHS = "$(inherited) @executable_path/Frameworks";
				PRODUCT_NAME = "$(TARGET_NAME)";
			};
			name = Debug;
		};
		5DCED9D619D8E50600DE1DC2 /* Release */ = {
			isa = XCBuildConfiguration;
			buildSettings = {
				ASSETCATALOG_COMPILER_APPICON_NAME = AppIcon;
				INFOPLIST_FILE = Lesson04/Info.plist;
				LD_RUNPATH_SEARCH_PATHS = "$(inherited) @executable_path/Frameworks";
				PRODUCT_NAME = "$(TARGET_NAME)";
			};
			name = Release;
		};
		5DCED9D819D8E50600DE1DC2 /* Debug */ = {
			isa = XCBuildConfiguration;
			buildSettings = {
				BUNDLE_LOADER = "$(TEST_HOST)";
				FRAMEWORK_SEARCH_PATHS = (
					"$(SDKROOT)/Developer/Library/Frameworks",
					"$(inherited)",
				);
				GCC_PREPROCESSOR_DEFINITIONS = (
					"DEBUG=1",
					"$(inherited)",
				);
				INFOPLIST_FILE = Lesson04Tests/Info.plist;
				LD_RUNPATH_SEARCH_PATHS = "$(inherited) @executable_path/Frameworks @loader_path/Frameworks";
				PRODUCT_NAME = "$(TARGET_NAME)";
				TEST_HOST = "$(BUILT_PRODUCTS_DIR)/Lesson04.app/Lesson04";
			};
			name = Debug;
		};
		5DCED9D919D8E50600DE1DC2 /* Release */ = {
			isa = XCBuildConfiguration;
			buildSettings = {
				BUNDLE_LOADER = "$(TEST_HOST)";
				FRAMEWORK_SEARCH_PATHS = (
					"$(SDKROOT)/Developer/Library/Frameworks",
					"$(inherited)",
				);
				INFOPLIST_FILE = Lesson04Tests/Info.plist;
				LD_RUNPATH_SEARCH_PATHS = "$(inherited) @executable_path/Frameworks @loader_path/Frameworks";
				PRODUCT_NAME = "$(TARGET_NAME)";
				TEST_HOST = "$(BUILT_PRODUCTS_DIR)/Lesson04.app/Lesson04";
			};
			name = Release;
		};
/* End XCBuildConfiguration section */

/* Begin XCConfigurationList section */
		5DCED9B019D8E50600DE1DC2 /* Build configuration list for PBXProject "Lesson04" */ = {
			isa = XCConfigurationList;
			buildConfigurations = (
				5DCED9D219D8E50600DE1DC2 /* Debug */,
				5DCED9D319D8E50600DE1DC2 /* Release */,
			);
			defaultConfigurationIsVisible = 0;
			defaultConfigurationName = Release;
		};
		5DCED9D419D8E50600DE1DC2 /* Build configuration list for PBXNativeTarget "Lesson04" */ = {
			isa = XCConfigurationList;
			buildConfigurations = (
				5DCED9D519D8E50600DE1DC2 /* Debug */,
				5DCED9D619D8E50600DE1DC2 /* Release */,
			);
			defaultConfigurationIsVisible = 0;
		};
		5DCED9D719D8E50600DE1DC2 /* Build configuration list for PBXNativeTarget "Lesson04Tests" */ = {
			isa = XCConfigurationList;
			buildConfigurations = (
				5DCED9D819D8E50600DE1DC2 /* Debug */,
				5DCED9D919D8E50600DE1DC2 /* Release */,
			);
			defaultConfigurationIsVisible = 0;
		};
/* End XCConfigurationList section */
	};
	rootObject = 5DCED9AD19D8E50600DE1DC2 /* Project object */;
}
