// !$*UTF8*$!
{
	archiveVersion = 1;
	classes = {
	};
	objectVersion = 46;
	objects = {

/* Begin PBXBuildFile section */
		888D13D41A5DB19F00EF265D /* AppDelegate.swift in Sources */ = {isa = PBXBuildFile; fileRef = 888D13D31A5DB19F00EF265D /* AppDelegate.swift */; };
		888D13D61A5DB19F00EF265D /* Images.xcassets in Resources */ = {isa = PBXBuildFile; fileRef = 888D13D51A5DB19F00EF265D /* Images.xcassets */; };
		888D13D91A5DB19F00EF265D /* LaunchScreen.xib in Resources */ = {isa = PBXBuildFile; fileRef = 888D13D71A5DB19F00EF265D /* LaunchScreen.xib */; };
		888D13E51A5DB1A000EF265D /* ProgrammaticViewsTests.swift in Sources */ = {isa = PBXBuildFile; fileRef = 888D13E41A5DB1A000EF265D /* ProgrammaticViewsTests.swift */; };
		888D13EF1A5DB1E600EF265D /* ViewController.swift in Sources */ = {isa = PBXBuildFile; fileRef = 888D13EE1A5DB1E600EF265D /* ViewController.swift */; };
/* End PBXBuildFile section */

/* Begin PBXContainerItemProxy section */
		888D13DF1A5DB1A000EF265D /* PBXContainerItemProxy */ = {
			isa = PBXContainerItemProxy;
			containerPortal = 888D13C61A5DB19F00EF265D /* Project object */;
			proxyType = 1;
			remoteGlobalIDString = 888D13CD1A5DB19F00EF265D;
			remoteInfo = ProgrammaticViews;
		};
/* End PBXContainerItemProxy section */

/* Begin PBXFileReference section */
		888D13CE1A5DB19F00EF265D /* ProgrammaticViews.app */ = {isa = PBXFileReference; explicitFileType = wrapper.application; includeInIndex = 0; path = ProgrammaticViews.app; sourceTree = BUILT_PRODUCTS_DIR; };
		888D13D21A5DB19F00EF265D /* Info.plist */ = {isa = PBXFileReference; lastKnownFileType = text.plist.xml; path = Info.plist; sourceTree = "<group>"; };
		888D13D31A5DB19F00EF265D /* AppDelegate.swift */ = {isa = PBXFileReference; lastKnownFileType = sourcecode.swift; path = AppDelegate.swift; sourceTree = "<group>"; };
		888D13D51A5DB19F00EF265D /* Images.xcassets */ = {isa = PBXFileReference; lastKnownFileType = folder.assetcatalog; path = Images.xcassets; sourceTree = "<group>"; };
		888D13D81A5DB19F00EF265D /* Base */ = {isa = PBXFileReference; lastKnownFileType = file.xib; name = Base; path = Base.lproj/LaunchScreen.xib; sourceTree = "<group>"; };
		888D13DE1A5DB1A000EF265D /* ProgrammaticViewsTests.xctest */ = {isa = PBXFileReference; explicitFileType = wrapper.cfbundle; includeInIndex = 0; path = ProgrammaticViewsTests.xctest; sourceTree = BUILT_PRODUCTS_DIR; };
		888D13E31A5DB1A000EF265D /* Info.plist */ = {isa = PBXFileReference; lastKnownFileType = text.plist.xml; path = Info.plist; sourceTree = "<group>"; };
		888D13E41A5DB1A000EF265D /* ProgrammaticViewsTests.swift */ = {isa = PBXFileReference; lastKnownFileType = sourcecode.swift; path = ProgrammaticViewsTests.swift; sourceTree = "<group>"; };
		888D13EE1A5DB1E600EF265D /* ViewController.swift */ = {isa = PBXFileReference; fileEncoding = 4; lastKnownFileType = sourcecode.swift; path = ViewController.swift; sourceTree = "<group>"; };
/* End PBXFileReference section */

/* Begin PBXFrameworksBuildPhase section */
		888D13CB1A5DB19F00EF265D /* Frameworks */ = {
			isa = PBXFrameworksBuildPhase;
			buildActionMask = 2147483647;
			files = (
			);
			runOnlyForDeploymentPostprocessing = 0;
		};
		888D13DB1A5DB1A000EF265D /* Frameworks */ = {
			isa = PBXFrameworksBuildPhase;
			buildActionMask = 2147483647;
			files = (
			);
			runOnlyForDeploymentPostprocessing = 0;
		};
/* End PBXFrameworksBuildPhase section */

/* Begin PBXGroup section */
		888D13C51A5DB19F00EF265D = {
			isa = PBXGroup;
			children = (
				888D13D01A5DB19F00EF265D /* ProgrammaticViews */,
				888D13E11A5DB1A000EF265D /* ProgrammaticViewsTests */,
				888D13CF1A5DB19F00EF265D /* Products */,
			);
			sourceTree = "<group>";
		};
		888D13CF1A5DB19F00EF265D /* Products */ = {
			isa = PBXGroup;
			children = (
				888D13CE1A5DB19F00EF265D /* ProgrammaticViews.app */,
				888D13DE1A5DB1A000EF265D /* ProgrammaticViewsTests.xctest */,
			);
			name = Products;
			sourceTree = "<group>";
		};
		888D13D01A5DB19F00EF265D /* ProgrammaticViews */ = {
			isa = PBXGroup;
			children = (
				888D13D31A5DB19F00EF265D /* AppDelegate.swift */,
				888D13EE1A5DB1E600EF265D /* ViewController.swift */,
				888D13D51A5DB19F00EF265D /* Images.xcassets */,
				888D13D71A5DB19F00EF265D /* LaunchScreen.xib */,
				888D13D11A5DB19F00EF265D /* Supporting Files */,
			);
			path = ProgrammaticViews;
			sourceTree = "<group>";
		};
		888D13D11A5DB19F00EF265D /* Supporting Files */ = {
			isa = PBXGroup;
			children = (
				888D13D21A5DB19F00EF265D /* Info.plist */,
			);
			name = "Supporting Files";
			sourceTree = "<group>";
		};
		888D13E11A5DB1A000EF265D /* ProgrammaticViewsTests */ = {
			isa = PBXGroup;
			children = (
				888D13E41A5DB1A000EF265D /* ProgrammaticViewsTests.swift */,
				888D13E21A5DB1A000EF265D /* Supporting Files */,
			);
			path = ProgrammaticViewsTests;
			sourceTree = "<group>";
		};
		888D13E21A5DB1A000EF265D /* Supporting Files */ = {
			isa = PBXGroup;
			children = (
				888D13E31A5DB1A000EF265D /* Info.plist */,
			);
			name = "Supporting Files";
			sourceTree = "<group>";
		};
/* End PBXGroup section */

/* Begin PBXNativeTarget section */
		888D13CD1A5DB19F00EF265D /* ProgrammaticViews */ = {
			isa = PBXNativeTarget;
			buildConfigurationList = 888D13E81A5DB1A000EF265D /* Build configuration list for PBXNativeTarget "ProgrammaticViews" */;
			buildPhases = (
				888D13CA1A5DB19F00EF265D /* Sources */,
				888D13CB1A5DB19F00EF265D /* Frameworks */,
				888D13CC1A5DB19F00EF265D /* Resources */,
			);
			buildRules = (
			);
			dependencies = (
			);
			name = ProgrammaticViews;
			productName = ProgrammaticViews;
			productReference = 888D13CE1A5DB19F00EF265D /* ProgrammaticViews.app */;
			productType = "com.apple.product-type.application";
		};
		888D13DD1A5DB1A000EF265D /* ProgrammaticViewsTests */ = {
			isa = PBXNativeTarget;
			buildConfigurationList = 888D13EB1A5DB1A000EF265D /* Build configuration list for PBXNativeTarget "ProgrammaticViewsTests" */;
			buildPhases = (
				888D13DA1A5DB1A000EF265D /* Sources */,
				888D13DB1A5DB1A000EF265D /* Frameworks */,
				888D13DC1A5DB1A000EF265D /* Resources */,
			);
			buildRules = (
			);
			dependencies = (
				888D13E01A5DB1A000EF265D /* PBXTargetDependency */,
			);
			name = ProgrammaticViewsTests;
			productName = ProgrammaticViewsTests;
			productReference = 888D13DE1A5DB1A000EF265D /* ProgrammaticViewsTests.xctest */;
			productType = "com.apple.product-type.bundle.unit-test";
		};
/* End PBXNativeTarget section */

/* Begin PBXProject section */
		888D13C61A5DB19F00EF265D /* Project object */ = {
			isa = PBXProject;
			attributes = {
				LastUpgradeCheck = 0610;
				ORGANIZATIONNAME = "travis holt";
				TargetAttributes = {
					888D13CD1A5DB19F00EF265D = {
						CreatedOnToolsVersion = 6.1;
					};
					888D13DD1A5DB1A000EF265D = {
						CreatedOnToolsVersion = 6.1;
						TestTargetID = 888D13CD1A5DB19F00EF265D;
					};
				};
			};
			buildConfigurationList = 888D13C91A5DB19F00EF265D /* Build configuration list for PBXProject "ProgrammaticViews" */;
			compatibilityVersion = "Xcode 3.2";
			developmentRegion = English;
			hasScannedForEncodings = 0;
			knownRegions = (
				en,
				Base,
			);
			mainGroup = 888D13C51A5DB19F00EF265D;
			productRefGroup = 888D13CF1A5DB19F00EF265D /* Products */;
			projectDirPath = "";
			projectRoot = "";
			targets = (
				888D13CD1A5DB19F00EF265D /* ProgrammaticViews */,
				888D13DD1A5DB1A000EF265D /* ProgrammaticViewsTests */,
			);
		};
/* End PBXProject section */

/* Begin PBXResourcesBuildPhase section */
		888D13CC1A5DB19F00EF265D /* Resources */ = {
			isa = PBXResourcesBuildPhase;
			buildActionMask = 2147483647;
			files = (
				888D13D91A5DB19F00EF265D /* LaunchScreen.xib in Resources */,
				888D13D61A5DB19F00EF265D /* Images.xcassets in Resources */,
			);
			runOnlyForDeploymentPostprocessing = 0;
		};
		888D13DC1A5DB1A000EF265D /* Resources */ = {
			isa = PBXResourcesBuildPhase;
			buildActionMask = 2147483647;
			files = (
			);
			runOnlyForDeploymentPostprocessing = 0;
		};
/* End PBXResourcesBuildPhase section */

/* Begin PBXSourcesBuildPhase section */
		888D13CA1A5DB19F00EF265D /* Sources */ = {
			isa = PBXSourcesBuildPhase;
			buildActionMask = 2147483647;
			files = (
				888D13EF1A5DB1E600EF265D /* ViewController.swift in Sources */,
				888D13D41A5DB19F00EF265D /* AppDelegate.swift in Sources */,
			);
			runOnlyForDeploymentPostprocessing = 0;
		};
		888D13DA1A5DB1A000EF265D /* Sources */ = {
			isa = PBXSourcesBuildPhase;
			buildActionMask = 2147483647;
			files = (
				888D13E51A5DB1A000EF265D /* ProgrammaticViewsTests.swift in Sources */,
			);
			runOnlyForDeploymentPostprocessing = 0;
		};
/* End PBXSourcesBuildPhase section */

/* Begin PBXTargetDependency section */
		888D13E01A5DB1A000EF265D /* PBXTargetDependency */ = {
			isa = PBXTargetDependency;
			target = 888D13CD1A5DB19F00EF265D /* ProgrammaticViews */;
			targetProxy = 888D13DF1A5DB1A000EF265D /* PBXContainerItemProxy */;
		};
/* End PBXTargetDependency section */

/* Begin PBXVariantGroup section */
		888D13D71A5DB19F00EF265D /* LaunchScreen.xib */ = {
			isa = PBXVariantGroup;
			children = (
				888D13D81A5DB19F00EF265D /* Base */,
			);
			name = LaunchScreen.xib;
			sourceTree = "<group>";
		};
/* End PBXVariantGroup section */

/* Begin XCBuildConfiguration section */
		888D13E61A5DB1A000EF265D /* Debug */ = {
			isa = XCBuildConfiguration;
			buildSettings = {
				ALWAYS_SEARCH_USER_PATHS = NO;
				CLANG_CXX_LANGUAGE_STANDARD = "gnu++0x";
				CLANG_CXX_LIBRARY = "libc++";
				CLANG_ENABLE_MODULES = YES;
				CLANG_ENABLE_OBJC_ARC = YES;
				CLANG_WARN_BOOL_CONVERSION = YES;
				CLANG_WARN_CONSTANT_CONVERSION = YES;
				CLANG_WARN_DIRECT_OBJC_ISA_USAGE = YES_ERROR;
				CLANG_WARN_EMPTY_BODY = YES;
				CLANG_WARN_ENUM_CONVERSION = YES;
				CLANG_WARN_INT_CONVERSION = YES;
				CLANG_WARN_OBJC_ROOT_CLASS = YES_ERROR;
				CLANG_WARN_UNREACHABLE_CODE = YES;
				CLANG_WARN__DUPLICATE_METHOD_MATCH = YES;
				"CODE_SIGN_IDENTITY[sdk=iphoneos*]" = "iPhone Developer";
				COPY_PHASE_STRIP = NO;
				ENABLE_STRICT_OBJC_MSGSEND = YES;
				GCC_C_LANGUAGE_STANDARD = gnu99;
				GCC_DYNAMIC_NO_PIC = NO;
				GCC_OPTIMIZATION_LEVEL = 0;
				GCC_PREPROCESSOR_DEFINITIONS = (
					"DEBUG=1",
					"$(inherited)",
				);
				GCC_SYMBOLS_PRIVATE_EXTERN = NO;
				GCC_WARN_64_TO_32_BIT_CONVERSION = YES;
				GCC_WARN_ABOUT_RETURN_TYPE = YES_ERROR;
				GCC_WARN_UNDECLARED_SELECTOR = YES;
				GCC_WARN_UNINITIALIZED_AUTOS = YES_AGGRESSIVE;
				GCC_WARN_UNUSED_FUNCTION = YES;
				GCC_WARN_UNUSED_VARIABLE = YES;
				IPHONEOS_DEPLOYMENT_TARGET = 8.1;
				MTL_ENABLE_DEBUG_INFO = YES;
				ONLY_ACTIVE_ARCH = YES;
				SDKROOT = iphoneos;
				SWIFT_OPTIMIZATION_LEVEL = "-Onone";
			};
			name = Debug;
		};
		888D13E71A5DB1A000EF265D /* Release */ = {
			isa = XCBuildConfiguration;
			buildSettings = {
				ALWAYS_SEARCH_USER_PATHS = NO;
				CLANG_CXX_LANGUAGE_STANDARD = "gnu++0x";
				CLANG_CXX_LIBRARY = "libc++";
				CLANG_ENABLE_MODULES = YES;
				CLANG_ENABLE_OBJC_ARC = YES;
				CLANG_WARN_BOOL_CONVERSION = YES;
				CLANG_WARN_CONSTANT_CONVERSION = YES;
				CLANG_WARN_DIRECT_OBJC_ISA_USAGE = YES_ERROR;
				CLANG_WARN_EMPTY_BODY = YES;
				CLANG_WARN_ENUM_CONVERSION = YES;
				CLANG_WARN_INT_CONVERSION = YES;
				CLANG_WARN_OBJC_ROOT_CLASS = YES_ERROR;
				CLANG_WARN_UNREACHABLE_CODE = YES;
				CLANG_WARN__DUPLICATE_METHOD_MATCH = YES;
				"CODE_SIGN_IDENTITY[sdk=iphoneos*]" = "iPhone Developer";
				COPY_PHASE_STRIP = YES;
				ENABLE_NS_ASSERTIONS = NO;
				ENABLE_STRICT_OBJC_MSGSEND = YES;
				GCC_C_LANGUAGE_STANDARD = gnu99;
				GCC_WARN_64_TO_32_BIT_CONVERSION = YES;
				GCC_WARN_ABOUT_RETURN_TYPE = YES_ERROR;
				GCC_WARN_UNDECLARED_SELECTOR = YES;
				GCC_WARN_UNINITIALIZED_AUTOS = YES_AGGRESSIVE;
				GCC_WARN_UNUSED_FUNCTION = YES;
				GCC_WARN_UNUSED_VARIABLE = YES;
				IPHONEOS_DEPLOYMENT_TARGET = 8.1;
				MTL_ENABLE_DEBUG_INFO = NO;
				SDKROOT = iphoneos;
				VALIDATE_PRODUCT = YES;
			};
			name = Release;
		};
		888D13E91A5DB1A000EF265D /* Debug */ = {
			isa = XCBuildConfiguration;
			buildSettings = {
				ASSETCATALOG_COMPILER_APPICON_NAME = AppIcon;
				INFOPLIST_FILE = ProgrammaticViews/Info.plist;
				LD_RUNPATH_SEARCH_PATHS = "$(inherited) @executable_path/Frameworks";
				PRODUCT_NAME = "$(TARGET_NAME)";
			};
			name = Debug;
		};
		888D13EA1A5DB1A000EF265D /* Release */ = {
			isa = XCBuildConfiguration;
			buildSettings = {
				ASSETCATALOG_COMPILER_APPICON_NAME = AppIcon;
				INFOPLIST_FILE = ProgrammaticViews/Info.plist;
				LD_RUNPATH_SEARCH_PATHS = "$(inherited) @executable_path/Frameworks";
				PRODUCT_NAME = "$(TARGET_NAME)";
			};
			name = Release;
		};
		888D13EC1A5DB1A000EF265D /* Debug */ = {
			isa = XCBuildConfiguration;
			buildSettings = {
				BUNDLE_LOADER = "$(TEST_HOST)";
				FRAMEWORK_SEARCH_PATHS = (
					"$(SDKROOT)/Developer/Library/Frameworks",
					"$(inherited)",
				);
				GCC_PREPROCESSOR_DEFINITIONS = (
					"DEBUG=1",
					"$(inherited)",
				);
				INFOPLIST_FILE = ProgrammaticViewsTests/Info.plist;
				LD_RUNPATH_SEARCH_PATHS = "$(inherited) @executable_path/Frameworks @loader_path/Frameworks";
				PRODUCT_NAME = "$(TARGET_NAME)";
				TEST_HOST = "$(BUILT_PRODUCTS_DIR)/ProgrammaticViews.app/ProgrammaticViews";
			};
			name = Debug;
		};
		888D13ED1A5DB1A000EF265D /* Release */ = {
			isa = XCBuildConfiguration;
			buildSettings = {
				BUNDLE_LOADER = "$(TEST_HOST)";
				FRAMEWORK_SEARCH_PATHS = (
					"$(SDKROOT)/Developer/Library/Frameworks",
					"$(inherited)",
				);
				INFOPLIST_FILE = ProgrammaticViewsTests/Info.plist;
				LD_RUNPATH_SEARCH_PATHS = "$(inherited) @executable_path/Frameworks @loader_path/Frameworks";
				PRODUCT_NAME = "$(TARGET_NAME)";
				TEST_HOST = "$(BUILT_PRODUCTS_DIR)/ProgrammaticViews.app/ProgrammaticViews";
			};
			name = Release;
		};
/* End XCBuildConfiguration section */

/* Begin XCConfigurationList section */
		888D13C91A5DB19F00EF265D /* Build configuration list for PBXProject "ProgrammaticViews" */ = {
			isa = XCConfigurationList;
			buildConfigurations = (
				888D13E61A5DB1A000EF265D /* Debug */,
				888D13E71A5DB1A000EF265D /* Release */,
			);
			defaultConfigurationIsVisible = 0;
			defaultConfigurationName = Release;
		};
		888D13E81A5DB1A000EF265D /* Build configuration list for PBXNativeTarget "ProgrammaticViews" */ = {
			isa = XCConfigurationList;
			buildConfigurations = (
				888D13E91A5DB1A000EF265D /* Debug */,
				888D13EA1A5DB1A000EF265D /* Release */,
			);
			defaultConfigurationIsVisible = 0;
		};
		888D13EB1A5DB1A000EF265D /* Build configuration list for PBXNativeTarget "ProgrammaticViewsTests" */ = {
			isa = XCConfigurationList;
			buildConfigurations = (
				888D13EC1A5DB1A000EF265D /* Debug */,
				888D13ED1A5DB1A000EF265D /* Release */,
			);
			defaultConfigurationIsVisible = 0;
		};
/* End XCConfigurationList section */
	};
	rootObject = 888D13C61A5DB19F00EF265D /* Project object */;
}
