// !$*UTF8*$!
{
	archiveVersion = 1;
	classes = {
	};
	objectVersion = 46;
	objects = {

/* Begin PBXBuildFile section */
		5D3430441A8C1E0F000DD4AA /* AppDelegate.swift in Sources */ = {isa = PBXBuildFile; fileRef = 5D3430431A8C1E0F000DD4AA /* AppDelegate.swift */; };
		5D3430461A8C1E0F000DD4AA /* ViewController.swift in Sources */ = {isa = PBXBuildFile; fileRef = 5D3430451A8C1E0F000DD4AA /* ViewController.swift */; };
		5D3430491A8C1E0F000DD4AA /* Main.storyboard in Resources */ = {isa = PBXBuildFile; fileRef = 5D3430471A8C1E0F000DD4AA /* Main.storyboard */; };
		5D34304B1A8C1E0F000DD4AA /* Images.xcassets in Resources */ = {isa = PBXBuildFile; fileRef = 5D34304A1A8C1E0F000DD4AA /* Images.xcassets */; };
		5D34304E1A8C1E0F000DD4AA /* LaunchScreen.xib in Resources */ = {isa = PBXBuildFile; fileRef = 5D34304C1A8C1E0F000DD4AA /* LaunchScreen.xib */; };
		5D34305A1A8C1E0F000DD4AA /* CalcButtonTests.swift in Sources */ = {isa = PBXBuildFile; fileRef = 5D3430591A8C1E0F000DD4AA /* CalcButtonTests.swift */; };
		5D3430641A8C208E000DD4AA /* CalculatorButton.swift in Sources */ = {isa = PBXBuildFile; fileRef = 5D3430631A8C208E000DD4AA /* CalculatorButton.swift */; };
/* End PBXBuildFile section */

/* Begin PBXContainerItemProxy section */
		5D3430541A8C1E0F000DD4AA /* PBXContainerItemProxy */ = {
			isa = PBXContainerItemProxy;
			containerPortal = 5D3430361A8C1E0F000DD4AA /* Project object */;
			proxyType = 1;
			remoteGlobalIDString = 5D34303D1A8C1E0F000DD4AA;
			remoteInfo = CalcButton;
		};
/* End PBXContainerItemProxy section */

/* Begin PBXFileReference section */
		5D34303E1A8C1E0F000DD4AA /* CalcButton.app */ = {isa = PBXFileReference; explicitFileType = wrapper.application; includeInIndex = 0; path = CalcButton.app; sourceTree = BUILT_PRODUCTS_DIR; };
		5D3430421A8C1E0F000DD4AA /* Info.plist */ = {isa = PBXFileReference; lastKnownFileType = text.plist.xml; path = Info.plist; sourceTree = "<group>"; };
		5D3430431A8C1E0F000DD4AA /* AppDelegate.swift */ = {isa = PBXFileReference; lastKnownFileType = sourcecode.swift; path = AppDelegate.swift; sourceTree = "<group>"; };
		5D3430451A8C1E0F000DD4AA /* ViewController.swift */ = {isa = PBXFileReference; lastKnownFileType = sourcecode.swift; path = ViewController.swift; sourceTree = "<group>"; };
		5D3430481A8C1E0F000DD4AA /* Base */ = {isa = PBXFileReference; lastKnownFileType = file.storyboard; name = Base; path = Base.lproj/Main.storyboard; sourceTree = "<group>"; };
		5D34304A1A8C1E0F000DD4AA /* Images.xcassets */ = {isa = PBXFileReference; lastKnownFileType = folder.assetcatalog; path = Images.xcassets; sourceTree = "<group>"; };
		5D34304D1A8C1E0F000DD4AA /* Base */ = {isa = PBXFileReference; lastKnownFileType = file.xib; name = Base; path = Base.lproj/LaunchScreen.xib; sourceTree = "<group>"; };
		5D3430531A8C1E0F000DD4AA /* CalcButtonTests.xctest */ = {isa = PBXFileReference; explicitFileType = wrapper.cfbundle; includeInIndex = 0; path = CalcButtonTests.xctest; sourceTree = BUILT_PRODUCTS_DIR; };
		5D3430581A8C1E0F000DD4AA /* Info.plist */ = {isa = PBXFileReference; lastKnownFileType = text.plist.xml; path = Info.plist; sourceTree = "<group>"; };
		5D3430591A8C1E0F000DD4AA /* CalcButtonTests.swift */ = {isa = PBXFileReference; lastKnownFileType = sourcecode.swift; path = CalcButtonTests.swift; sourceTree = "<group>"; };
		5D3430631A8C208E000DD4AA /* CalculatorButton.swift */ = {isa = PBXFileReference; fileEncoding = 4; lastKnownFileType = sourcecode.swift; path = CalculatorButton.swift; sourceTree = "<group>"; };
/* End PBXFileReference section */

/* Begin PBXFrameworksBuildPhase section */
		5D34303B1A8C1E0F000DD4AA /* Frameworks */ = {
			isa = PBXFrameworksBuildPhase;
			buildActionMask = 2147483647;
			files = (
			);
			runOnlyForDeploymentPostprocessing = 0;
		};
		5D3430501A8C1E0F000DD4AA /* Frameworks */ = {
			isa = PBXFrameworksBuildPhase;
			buildActionMask = 2147483647;
			files = (
			);
			runOnlyForDeploymentPostprocessing = 0;
		};
/* End PBXFrameworksBuildPhase section */

/* Begin PBXGroup section */
		5D3430351A8C1E0F000DD4AA = {
			isa = PBXGroup;
			children = (
				5D3430401A8C1E0F000DD4AA /* CalcButton */,
				5D3430561A8C1E0F000DD4AA /* CalcButtonTests */,
				5D34303F1A8C1E0F000DD4AA /* Products */,
			);
			sourceTree = "<group>";
		};
		5D34303F1A8C1E0F000DD4AA /* Products */ = {
			isa = PBXGroup;
			children = (
				5D34303E1A8C1E0F000DD4AA /* CalcButton.app */,
				5D3430531A8C1E0F000DD4AA /* CalcButtonTests.xctest */,
			);
			name = Products;
			sourceTree = "<group>";
		};
		5D3430401A8C1E0F000DD4AA /* CalcButton */ = {
			isa = PBXGroup;
			children = (
				5D3430431A8C1E0F000DD4AA /* AppDelegate.swift */,
				5D3430451A8C1E0F000DD4AA /* ViewController.swift */,
				5D3430471A8C1E0F000DD4AA /* Main.storyboard */,
				5D34304A1A8C1E0F000DD4AA /* Images.xcassets */,
				5D34304C1A8C1E0F000DD4AA /* LaunchScreen.xib */,
				5D3430411A8C1E0F000DD4AA /* Supporting Files */,
				5D3430631A8C208E000DD4AA /* CalculatorButton.swift */,
			);
			path = CalcButton;
			sourceTree = "<group>";
		};
		5D3430411A8C1E0F000DD4AA /* Supporting Files */ = {
			isa = PBXGroup;
			children = (
				5D3430421A8C1E0F000DD4AA /* Info.plist */,
			);
			name = "Supporting Files";
			sourceTree = "<group>";
		};
		5D3430561A8C1E0F000DD4AA /* CalcButtonTests */ = {
			isa = PBXGroup;
			children = (
				5D3430591A8C1E0F000DD4AA /* CalcButtonTests.swift */,
				5D3430571A8C1E0F000DD4AA /* Supporting Files */,
			);
			path = CalcButtonTests;
			sourceTree = "<group>";
		};
		5D3430571A8C1E0F000DD4AA /* Supporting Files */ = {
			isa = PBXGroup;
			children = (
				5D3430581A8C1E0F000DD4AA /* Info.plist */,
			);
			name = "Supporting Files";
			sourceTree = "<group>";
		};
/* End PBXGroup section */

/* Begin PBXNativeTarget section */
		5D34303D1A8C1E0F000DD4AA /* CalcButton */ = {
			isa = PBXNativeTarget;
			buildConfigurationList = 5D34305D1A8C1E0F000DD4AA /* Build configuration list for PBXNativeTarget "CalcButton" */;
			buildPhases = (
				5D34303A1A8C1E0F000DD4AA /* Sources */,
				5D34303B1A8C1E0F000DD4AA /* Frameworks */,
				5D34303C1A8C1E0F000DD4AA /* Resources */,
			);
			buildRules = (
			);
			dependencies = (
			);
			name = CalcButton;
			productName = CalcButton;
			productReference = 5D34303E1A8C1E0F000DD4AA /* CalcButton.app */;
			productType = "com.apple.product-type.application";
		};
		5D3430521A8C1E0F000DD4AA /* CalcButtonTests */ = {
			isa = PBXNativeTarget;
			buildConfigurationList = 5D3430601A8C1E0F000DD4AA /* Build configuration list for PBXNativeTarget "CalcButtonTests" */;
			buildPhases = (
				5D34304F1A8C1E0F000DD4AA /* Sources */,
				5D3430501A8C1E0F000DD4AA /* Frameworks */,
				5D3430511A8C1E0F000DD4AA /* Resources */,
			);
			buildRules = (
			);
			dependencies = (
				5D3430551A8C1E0F000DD4AA /* PBXTargetDependency */,
			);
			name = CalcButtonTests;
			productName = CalcButtonTests;
			productReference = 5D3430531A8C1E0F000DD4AA /* CalcButtonTests.xctest */;
			productType = "com.apple.product-type.bundle.unit-test";
		};
/* End PBXNativeTarget section */

/* Begin PBXProject section */
		5D3430361A8C1E0F000DD4AA /* Project object */ = {
			isa = PBXProject;
			attributes = {
				LastUpgradeCheck = 0610;
				ORGANIZATIONNAME = ga;
				TargetAttributes = {
					5D34303D1A8C1E0F000DD4AA = {
						CreatedOnToolsVersion = 6.1.1;
					};
					5D3430521A8C1E0F000DD4AA = {
						CreatedOnToolsVersion = 6.1.1;
						TestTargetID = 5D34303D1A8C1E0F000DD4AA;
					};
				};
			};
			buildConfigurationList = 5D3430391A8C1E0F000DD4AA /* Build configuration list for PBXProject "CalcButton" */;
			compatibilityVersion = "Xcode 3.2";
			developmentRegion = English;
			hasScannedForEncodings = 0;
			knownRegions = (
				en,
				Base,
			);
			mainGroup = 5D3430351A8C1E0F000DD4AA;
			productRefGroup = 5D34303F1A8C1E0F000DD4AA /* Products */;
			projectDirPath = "";
			projectRoot = "";
			targets = (
				5D34303D1A8C1E0F000DD4AA /* CalcButton */,
				5D3430521A8C1E0F000DD4AA /* CalcButtonTests */,
			);
		};
/* End PBXProject section */

/* Begin PBXResourcesBuildPhase section */
		5D34303C1A8C1E0F000DD4AA /* Resources */ = {
			isa = PBXResourcesBuildPhase;
			buildActionMask = 2147483647;
			files = (
				5D3430491A8C1E0F000DD4AA /* Main.storyboard in Resources */,
				5D34304E1A8C1E0F000DD4AA /* LaunchScreen.xib in Resources */,
				5D34304B1A8C1E0F000DD4AA /* Images.xcassets in Resources */,
			);
			runOnlyForDeploymentPostprocessing = 0;
		};
		5D3430511A8C1E0F000DD4AA /* Resources */ = {
			isa = PBXResourcesBuildPhase;
			buildActionMask = 2147483647;
			files = (
			);
			runOnlyForDeploymentPostprocessing = 0;
		};
/* End PBXResourcesBuildPhase section */

/* Begin PBXSourcesBuildPhase section */
		5D34303A1A8C1E0F000DD4AA /* Sources */ = {
			isa = PBXSourcesBuildPhase;
			buildActionMask = 2147483647;
			files = (
				5D3430461A8C1E0F000DD4AA /* ViewController.swift in Sources */,
				5D3430641A8C208E000DD4AA /* CalculatorButton.swift in Sources */,
				5D3430441A8C1E0F000DD4AA /* AppDelegate.swift in Sources */,
			);
			runOnlyForDeploymentPostprocessing = 0;
		};
		5D34304F1A8C1E0F000DD4AA /* Sources */ = {
			isa = PBXSourcesBuildPhase;
			buildActionMask = 2147483647;
			files = (
				5D34305A1A8C1E0F000DD4AA /* CalcButtonTests.swift in Sources */,
			);
			runOnlyForDeploymentPostprocessing = 0;
		};
/* End PBXSourcesBuildPhase section */

/* Begin PBXTargetDependency section */
		5D3430551A8C1E0F000DD4AA /* PBXTargetDependency */ = {
			isa = PBXTargetDependency;
			target = 5D34303D1A8C1E0F000DD4AA /* CalcButton */;
			targetProxy = 5D3430541A8C1E0F000DD4AA /* PBXContainerItemProxy */;
		};
/* End PBXTargetDependency section */

/* Begin PBXVariantGroup section */
		5D3430471A8C1E0F000DD4AA /* Main.storyboard */ = {
			isa = PBXVariantGroup;
			children = (
				5D3430481A8C1E0F000DD4AA /* Base */,
			);
			name = Main.storyboard;
			sourceTree = "<group>";
		};
		5D34304C1A8C1E0F000DD4AA /* LaunchScreen.xib */ = {
			isa = PBXVariantGroup;
			children = (
				5D34304D1A8C1E0F000DD4AA /* Base */,
			);
			name = LaunchScreen.xib;
			sourceTree = "<group>";
		};
/* End PBXVariantGroup section */

/* Begin XCBuildConfiguration section */
		5D34305B1A8C1E0F000DD4AA /* Debug */ = {
			isa = XCBuildConfiguration;
			buildSettings = {
				ALWAYS_SEARCH_USER_PATHS = NO;
				CLANG_CXX_LANGUAGE_STANDARD = "gnu++0x";
				CLANG_CXX_LIBRARY = "libc++";
				CLANG_ENABLE_MODULES = YES;
				CLANG_ENABLE_OBJC_ARC = YES;
				CLANG_WARN_BOOL_CONVERSION = YES;
				CLANG_WARN_CONSTANT_CONVERSION = YES;
				CLANG_WARN_DIRECT_OBJC_ISA_USAGE = YES_ERROR;
				CLANG_WARN_EMPTY_BODY = YES;
				CLANG_WARN_ENUM_CONVERSION = YES;
				CLANG_WARN_INT_CONVERSION = YES;
				CLANG_WARN_OBJC_ROOT_CLASS = YES_ERROR;
				CLANG_WARN_UNREACHABLE_CODE = YES;
				CLANG_WARN__DUPLICATE_METHOD_MATCH = YES;
				"CODE_SIGN_IDENTITY[sdk=iphoneos*]" = "iPhone Developer";
				COPY_PHASE_STRIP = NO;
				ENABLE_STRICT_OBJC_MSGSEND = YES;
				GCC_C_LANGUAGE_STANDARD = gnu99;
				GCC_DYNAMIC_NO_PIC = NO;
				GCC_OPTIMIZATION_LEVEL = 0;
				GCC_PREPROCESSOR_DEFINITIONS = (
					"DEBUG=1",
					"$(inherited)",
				);
				GCC_SYMBOLS_PRIVATE_EXTERN = NO;
				GCC_WARN_64_TO_32_BIT_CONVERSION = YES;
				GCC_WARN_ABOUT_RETURN_TYPE = YES_ERROR;
				GCC_WARN_UNDECLARED_SELECTOR = YES;
				GCC_WARN_UNINITIALIZED_AUTOS = YES_AGGRESSIVE;
				GCC_WARN_UNUSED_FUNCTION = YES;
				GCC_WARN_UNUSED_VARIABLE = YES;
				IPHONEOS_DEPLOYMENT_TARGET = 8.1;
				MTL_ENABLE_DEBUG_INFO = YES;
				ONLY_ACTIVE_ARCH = YES;
				SDKROOT = iphoneos;
				SWIFT_OPTIMIZATION_LEVEL = "-Onone";
			};
			name = Debug;
		};
		5D34305C1A8C1E0F000DD4AA /* Release */ = {
			isa = XCBuildConfiguration;
			buildSettings = {
				ALWAYS_SEARCH_USER_PATHS = NO;
				CLANG_CXX_LANGUAGE_STANDARD = "gnu++0x";
				CLANG_CXX_LIBRARY = "libc++";
				CLANG_ENABLE_MODULES = YES;
				CLANG_ENABLE_OBJC_ARC = YES;
				CLANG_WARN_BOOL_CONVERSION = YES;
				CLANG_WARN_CONSTANT_CONVERSION = YES;
				CLANG_WARN_DIRECT_OBJC_ISA_USAGE = YES_ERROR;
				CLANG_WARN_EMPTY_BODY = YES;
				CLANG_WARN_ENUM_CONVERSION = YES;
				CLANG_WARN_INT_CONVERSION = YES;
				CLANG_WARN_OBJC_ROOT_CLASS = YES_ERROR;
				CLANG_WARN_UNREACHABLE_CODE = YES;
				CLANG_WARN__DUPLICATE_METHOD_MATCH = YES;
				"CODE_SIGN_IDENTITY[sdk=iphoneos*]" = "iPhone Developer";
				COPY_PHASE_STRIP = YES;
				ENABLE_NS_ASSERTIONS = NO;
				ENABLE_STRICT_OBJC_MSGSEND = YES;
				GCC_C_LANGUAGE_STANDARD = gnu99;
				GCC_WARN_64_TO_32_BIT_CONVERSION = YES;
				GCC_WARN_ABOUT_RETURN_TYPE = YES_ERROR;
				GCC_WARN_UNDECLARED_SELECTOR = YES;
				GCC_WARN_UNINITIALIZED_AUTOS = YES_AGGRESSIVE;
				GCC_WARN_UNUSED_FUNCTION = YES;
				GCC_WARN_UNUSED_VARIABLE = YES;
				IPHONEOS_DEPLOYMENT_TARGET = 8.1;
				MTL_ENABLE_DEBUG_INFO = NO;
				SDKROOT = iphoneos;
				VALIDATE_PRODUCT = YES;
			};
			name = Release;
		};
		5D34305E1A8C1E0F000DD4AA /* Debug */ = {
			isa = XCBuildConfiguration;
			buildSettings = {
				ASSETCATALOG_COMPILER_APPICON_NAME = AppIcon;
				INFOPLIST_FILE = CalcButton/Info.plist;
				LD_RUNPATH_SEARCH_PATHS = "$(inherited) @executable_path/Frameworks";
				PRODUCT_NAME = "$(TARGET_NAME)";
			};
			name = Debug;
		};
		5D34305F1A8C1E0F000DD4AA /* Release */ = {
			isa = XCBuildConfiguration;
			buildSettings = {
				ASSETCATALOG_COMPILER_APPICON_NAME = AppIcon;
				INFOPLIST_FILE = CalcButton/Info.plist;
				LD_RUNPATH_SEARCH_PATHS = "$(inherited) @executable_path/Frameworks";
				PRODUCT_NAME = "$(TARGET_NAME)";
			};
			name = Release;
		};
		5D3430611A8C1E0F000DD4AA /* Debug */ = {
			isa = XCBuildConfiguration;
			buildSettings = {
				BUNDLE_LOADER = "$(TEST_HOST)";
				FRAMEWORK_SEARCH_PATHS = (
					"$(SDKROOT)/Developer/Library/Frameworks",
					"$(inherited)",
				);
				GCC_PREPROCESSOR_DEFINITIONS = (
					"DEBUG=1",
					"$(inherited)",
				);
				INFOPLIST_FILE = CalcButtonTests/Info.plist;
				LD_RUNPATH_SEARCH_PATHS = "$(inherited) @executable_path/Frameworks @loader_path/Frameworks";
				PRODUCT_NAME = "$(TARGET_NAME)";
				TEST_HOST = "$(BUILT_PRODUCTS_DIR)/CalcButton.app/CalcButton";
			};
			name = Debug;
		};
		5D3430621A8C1E0F000DD4AA /* Release */ = {
			isa = XCBuildConfiguration;
			buildSettings = {
				BUNDLE_LOADER = "$(TEST_HOST)";
				FRAMEWORK_SEARCH_PATHS = (
					"$(SDKROOT)/Developer/Library/Frameworks",
					"$(inherited)",
				);
				INFOPLIST_FILE = CalcButtonTests/Info.plist;
				LD_RUNPATH_SEARCH_PATHS = "$(inherited) @executable_path/Frameworks @loader_path/Frameworks";
				PRODUCT_NAME = "$(TARGET_NAME)";
				TEST_HOST = "$(BUILT_PRODUCTS_DIR)/CalcButton.app/CalcButton";
			};
			name = Release;
		};
/* End XCBuildConfiguration section */

/* Begin XCConfigurationList section */
		5D3430391A8C1E0F000DD4AA /* Build configuration list for PBXProject "CalcButton" */ = {
			isa = XCConfigurationList;
			buildConfigurations = (
				5D34305B1A8C1E0F000DD4AA /* Debug */,
				5D34305C1A8C1E0F000DD4AA /* Release */,
			);
			defaultConfigurationIsVisible = 0;
			defaultConfigurationName = Release;
		};
		5D34305D1A8C1E0F000DD4AA /* Build configuration list for PBXNativeTarget "CalcButton" */ = {
			isa = XCConfigurationList;
			buildConfigurations = (
				5D34305E1A8C1E0F000DD4AA /* Debug */,
				5D34305F1A8C1E0F000DD4AA /* Release */,
			);
			defaultConfigurationIsVisible = 0;
		};
		5D3430601A8C1E0F000DD4AA /* Build configuration list for PBXNativeTarget "CalcButtonTests" */ = {
			isa = XCConfigurationList;
			buildConfigurations = (
				5D3430611A8C1E0F000DD4AA /* Debug */,
				5D3430621A8C1E0F000DD4AA /* Release */,
			);
			defaultConfigurationIsVisible = 0;
		};
/* End XCConfigurationList section */
	};
	rootObject = 5D3430361A8C1E0F000DD4AA /* Project object */;
}
